// !$*UTF8*$!
{
	archiveVersion = 1;
	classes = {
	};
	objectVersion = 52;
	objects = {

/* Begin PBXBuildFile section */
		4C00286125B2BCC700EC7984 /* Modifiers.swift in Sources */ = {isa = PBXBuildFile; fileRef = 4C00286025B2BCC700EC7984 /* Modifiers.swift */; };
		4C06CBF125D1055100AA3EA4 /* WelcomeView.swift in Sources */ = {isa = PBXBuildFile; fileRef = 4C06CBF025D1055100AA3EA4 /* WelcomeView.swift */; };
		4C28F40126C0463E00396369 /* ProfileCoverPhoto.swift in Sources */ = {isa = PBXBuildFile; fileRef = 4C28F40026C0463E00396369 /* ProfileCoverPhoto.swift */; };
		4C28F40326C047CA00396369 /* ProfileAbout.swift in Sources */ = {isa = PBXBuildFile; fileRef = 4C28F40226C047CA00396369 /* ProfileAbout.swift */; };
		4C28F40526C0482100396369 /* ProfileInfoCards.swift in Sources */ = {isa = PBXBuildFile; fileRef = 4C28F40426C0482100396369 /* ProfileInfoCards.swift */; };
		4C28F40726C048AB00396369 /* ProfilePhotos.swift in Sources */ = {isa = PBXBuildFile; fileRef = 4C28F40626C048AB00396369 /* ProfilePhotos.swift */; };
		4C28F40926C048F800396369 /* ProfileInterests.swift in Sources */ = {isa = PBXBuildFile; fileRef = 4C28F40826C048F800396369 /* ProfileInterests.swift */; };
		4C28F40C26C0681A00396369 /* SnapCarousel.swift in Sources */ = {isa = PBXBuildFile; fileRef = 4C28F40B26C0681A00396369 /* SnapCarousel.swift */; };
		4C28F40E26C07FD100396369 /* BirthdayView.swift in Sources */ = {isa = PBXBuildFile; fileRef = 4C28F40D26C07FD100396369 /* BirthdayView.swift */; };
		4C28FBD42666CD7D001AF351 /* ProfileView.swift in Sources */ = {isa = PBXBuildFile; fileRef = 4C28FBD32666CD7D001AF351 /* ProfileView.swift */; };
		4C36A2D1266EBAB5009BA9EF /* Montserrat-SemiBoldItalic.ttf in Resources */ = {isa = PBXBuildFile; fileRef = 4C36A2BE266EBAB4009BA9EF /* Montserrat-SemiBoldItalic.ttf */; };
		4C36A2D2266EBAB5009BA9EF /* Montserrat-ThinItalic.ttf in Resources */ = {isa = PBXBuildFile; fileRef = 4C36A2BF266EBAB4009BA9EF /* Montserrat-ThinItalic.ttf */; };
		4C36A2D3266EBAB5009BA9EF /* Montserrat-Thin.ttf in Resources */ = {isa = PBXBuildFile; fileRef = 4C36A2C0266EBAB4009BA9EF /* Montserrat-Thin.ttf */; };
		4C36A2D4266EBAB5009BA9EF /* Montserrat-BlackItalic.ttf in Resources */ = {isa = PBXBuildFile; fileRef = 4C36A2C1266EBAB4009BA9EF /* Montserrat-BlackItalic.ttf */; };
		4C36A2D5266EBAB5009BA9EF /* LexendDeca-Regular.ttf in Resources */ = {isa = PBXBuildFile; fileRef = 4C36A2C2266EBAB5009BA9EF /* LexendDeca-Regular.ttf */; };
		4C36A2D6266EBAB5009BA9EF /* Montserrat-Medium.ttf in Resources */ = {isa = PBXBuildFile; fileRef = 4C36A2C3266EBAB5009BA9EF /* Montserrat-Medium.ttf */; };
		4C36A2D7266EBAB5009BA9EF /* Montserrat-Black.ttf in Resources */ = {isa = PBXBuildFile; fileRef = 4C36A2C4266EBAB5009BA9EF /* Montserrat-Black.ttf */; };
		4C36A2D8266EBAB5009BA9EF /* Montserrat-ExtraLight.ttf in Resources */ = {isa = PBXBuildFile; fileRef = 4C36A2C5266EBAB5009BA9EF /* Montserrat-ExtraLight.ttf */; };
		4C36A2D9266EBAB5009BA9EF /* Montserrat-ExtraBoldItalic.ttf in Resources */ = {isa = PBXBuildFile; fileRef = 4C36A2C6266EBAB5009BA9EF /* Montserrat-ExtraBoldItalic.ttf */; };
		4C36A2DA266EBAB5009BA9EF /* Montserrat-ExtraLightItalic.ttf in Resources */ = {isa = PBXBuildFile; fileRef = 4C36A2C7266EBAB5009BA9EF /* Montserrat-ExtraLightItalic.ttf */; };
		4C36A2DB266EBAB5009BA9EF /* Montserrat-BoldItalic.ttf in Resources */ = {isa = PBXBuildFile; fileRef = 4C36A2C8266EBAB5009BA9EF /* Montserrat-BoldItalic.ttf */; };
		4C36A2DC266EBAB5009BA9EF /* Montserrat-Light.ttf in Resources */ = {isa = PBXBuildFile; fileRef = 4C36A2C9266EBAB5009BA9EF /* Montserrat-Light.ttf */; };
		4C36A2DD266EBAB5009BA9EF /* Montserrat-MediumItalic.ttf in Resources */ = {isa = PBXBuildFile; fileRef = 4C36A2CA266EBAB5009BA9EF /* Montserrat-MediumItalic.ttf */; };
		4C36A2DE266EBAB5009BA9EF /* Montserrat-SemiBold.ttf in Resources */ = {isa = PBXBuildFile; fileRef = 4C36A2CB266EBAB5009BA9EF /* Montserrat-SemiBold.ttf */; };
		4C36A2DF266EBAB5009BA9EF /* Montserrat-Italic.ttf in Resources */ = {isa = PBXBuildFile; fileRef = 4C36A2CC266EBAB5009BA9EF /* Montserrat-Italic.ttf */; };
		4C36A2E0266EBAB5009BA9EF /* Montserrat-Regular.ttf in Resources */ = {isa = PBXBuildFile; fileRef = 4C36A2CD266EBAB5009BA9EF /* Montserrat-Regular.ttf */; };
		4C36A2E1266EBAB5009BA9EF /* Montserrat-ExtraBold.ttf in Resources */ = {isa = PBXBuildFile; fileRef = 4C36A2CE266EBAB5009BA9EF /* Montserrat-ExtraBold.ttf */; };
		4C36A2E2266EBAB5009BA9EF /* Montserrat-LightItalic.ttf in Resources */ = {isa = PBXBuildFile; fileRef = 4C36A2CF266EBAB5009BA9EF /* Montserrat-LightItalic.ttf */; };
		4C36A2E3266EBAB5009BA9EF /* Montserrat-Bold.ttf in Resources */ = {isa = PBXBuildFile; fileRef = 4C36A2D0266EBAB5009BA9EF /* Montserrat-Bold.ttf */; };
		4C36A2E5266EC2FB009BA9EF /* WorkView.swift in Sources */ = {isa = PBXBuildFile; fileRef = 4C36A2E4266EC2FB009BA9EF /* WorkView.swift */; };
		4C36A2E7266EC549009BA9EF /* RelationshipView.swift in Sources */ = {isa = PBXBuildFile; fileRef = 4C36A2E6266EC549009BA9EF /* RelationshipView.swift */; };
		4C36A2E9266EC80D009BA9EF /* EducationView.swift in Sources */ = {isa = PBXBuildFile; fileRef = 4C36A2E8266EC80D009BA9EF /* EducationView.swift */; };
		4C36A2EB266EC890009BA9EF /* MobilityView.swift in Sources */ = {isa = PBXBuildFile; fileRef = 4C36A2EA266EC890009BA9EF /* MobilityView.swift */; };
		4C36A2ED266ECA2F009BA9EF /* ReligionView.swift in Sources */ = {isa = PBXBuildFile; fileRef = 4C36A2EC266ECA2F009BA9EF /* ReligionView.swift */; };
		4C36A2EF266ECB5E009BA9EF /* PoliticsView.swift in Sources */ = {isa = PBXBuildFile; fileRef = 4C36A2EE266ECB5E009BA9EF /* PoliticsView.swift */; };
		4C36A2F1266ECD5F009BA9EF /* EthnicityView.swift in Sources */ = {isa = PBXBuildFile; fileRef = 4C36A2F0266ECD5F009BA9EF /* EthnicityView.swift */; };
		4C36A2F3266ECF32009BA9EF /* VicesView.swift in Sources */ = {isa = PBXBuildFile; fileRef = 4C36A2F2266ECF32009BA9EF /* VicesView.swift */; };
		4C36A2F72677CE08009BA9EF /* InfoCard.swift in Sources */ = {isa = PBXBuildFile; fileRef = 4C36A2F62677CE08009BA9EF /* InfoCard.swift */; };
		4C4970DF25ED7E3B00D8DC0C /* SignupView.swift in Sources */ = {isa = PBXBuildFile; fileRef = 4C4970DE25ED7E3B00D8DC0C /* SignupView.swift */; };
		4C529F34262E01E2006511C6 /* ImagePicker.swift in Sources */ = {isa = PBXBuildFile; fileRef = 4C529F33262E01E2006511C6 /* ImagePicker.swift */; };
		4C529F3C262E0594006511C6 /* MorePreferencesView.swift in Sources */ = {isa = PBXBuildFile; fileRef = 4C529F3B262E0594006511C6 /* MorePreferencesView.swift */; };
		4C5B3A8625B0E451007A8C50 /* BlendateApp.swift in Sources */ = {isa = PBXBuildFile; fileRef = 4C5B3A8525B0E451007A8C50 /* BlendateApp.swift */; };
		4C5B3A8825B0E451007A8C50 /* InitialView.swift in Sources */ = {isa = PBXBuildFile; fileRef = 4C5B3A8725B0E451007A8C50 /* InitialView.swift */; };
		4C5B3A8A25B0E452007A8C50 /* Assets.xcassets in Resources */ = {isa = PBXBuildFile; fileRef = 4C5B3A8925B0E452007A8C50 /* Assets.xcassets */; };
		4C5B3A8D25B0E452007A8C50 /* Preview Assets.xcassets in Resources */ = {isa = PBXBuildFile; fileRef = 4C5B3A8C25B0E452007A8C50 /* Preview Assets.xcassets */; };
		4C5B3A9825B0E452007A8C50 /* BlendateTests.swift in Sources */ = {isa = PBXBuildFile; fileRef = 4C5B3A9725B0E452007A8C50 /* BlendateTests.swift */; };
		4C5B3AA325B0E452007A8C50 /* BlendateUITests.swift in Sources */ = {isa = PBXBuildFile; fileRef = 4C5B3AA225B0E452007A8C50 /* BlendateUITests.swift */; };
		4C5B3AC125B14E80007A8C50 /* Constants.swift in Sources */ = {isa = PBXBuildFile; fileRef = 4C5B3AC025B14E80007A8C50 /* Constants.swift */; };
		4C65B33B26BF639900F40C22 /* DateProfileView.swift in Sources */ = {isa = PBXBuildFile; fileRef = 4C65B33A26BF639900F40C22 /* DateProfileView.swift */; };
		4C65B33D26BF677600F40C22 /* SaveConversationButton.swift in Sources */ = {isa = PBXBuildFile; fileRef = 4C65B33C26BF677600F40C22 /* SaveConversationButton.swift */; };
		4C65B33F26BF6C5000F40C22 /* ChatTextField.swift in Sources */ = {isa = PBXBuildFile; fileRef = 4C65B33E26BF6C5000F40C22 /* ChatTextField.swift */; };
		4C65B34126BF6E5300F40C22 /* ChatBannerView.swift in Sources */ = {isa = PBXBuildFile; fileRef = 4C65B34026BF6E5300F40C22 /* ChatBannerView.swift */; };
		4C65B34326BF6F2200F40C22 /* ChatCellView.swift in Sources */ = {isa = PBXBuildFile; fileRef = 4C65B34226BF6F2200F40C22 /* ChatCellView.swift */; };
		4C6DBBF126CAE51B000561F6 /* PreferenceCell.swift in Sources */ = {isa = PBXBuildFile; fileRef = 4C6DBBF026CAE51B000561F6 /* PreferenceCell.swift */; };
		4C6DBBF326CAF272000561F6 /* EditProfileCell.swift in Sources */ = {isa = PBXBuildFile; fileRef = 4C6DBBF226CAF272000561F6 /* EditProfileCell.swift */; };
		4C75333426697096000F0BCF /* HorizontalPickerView.swift in Sources */ = {isa = PBXBuildFile; fileRef = 4C75333326697096000F0BCF /* HorizontalPickerView.swift */; };
		4C8ED44326BE34B900361FF4 /* PhotoCaptureController.swift in Sources */ = {isa = PBXBuildFile; fileRef = 4C8ED44226BE34B900361FF4 /* PhotoCaptureController.swift */; };
		4C93F20B2677DDF70014E483 /* EditProfile.swift in Sources */ = {isa = PBXBuildFile; fileRef = 4C93F20A2677DDF70014E483 /* EditProfile.swift */; };
		4C93F20F267A73330014E483 /* PhotoView.swift in Sources */ = {isa = PBXBuildFile; fileRef = 4C93F20E267A73330014E483 /* PhotoView.swift */; };
		4C93F211267A735C0014E483 /* InterestsView.swift in Sources */ = {isa = PBXBuildFile; fileRef = 4C93F210267A735C0014E483 /* InterestsView.swift */; };
		4C93F233267BCBB20014E483 /* EditPhotos.swift in Sources */ = {isa = PBXBuildFile; fileRef = 4C93F232267BCBB20014E483 /* EditPhotos.swift */; };
		4C93F235267BCBC00014E483 /* EditInterests.swift in Sources */ = {isa = PBXBuildFile; fileRef = 4C93F234267BCBC00014E483 /* EditInterests.swift */; };
		4C93F237267BD04C0014E483 /* HelpCenterView.swift in Sources */ = {isa = PBXBuildFile; fileRef = 4C93F236267BD04C0014E483 /* HelpCenterView.swift */; };
		4CB2C1B926BB021F00045851 /* AppState.swift in Sources */ = {isa = PBXBuildFile; fileRef = 4CB2C1B826BB021F00045851 /* AppState.swift */; };
		4CB2C1BB26BB192300045851 /* MatchUser.swift in Sources */ = {isa = PBXBuildFile; fileRef = 4CB2C1BA26BB192300045851 /* MatchUser.swift */; };
		4CB2C1BD26BB1AB700045851 /* Photo.swift in Sources */ = {isa = PBXBuildFile; fileRef = 4CB2C1BC26BB1AB700045851 /* Photo.swift */; };
		4CB2C1BF26BB1C6B00045851 /* Conversation.swift in Sources */ = {isa = PBXBuildFile; fileRef = 4CB2C1BE26BB1C6B00045851 /* Conversation.swift */; };
		4CB2C1C326BB1CDB00045851 /* ChatMessage.swift in Sources */ = {isa = PBXBuildFile; fileRef = 4CB2C1C226BB1CDB00045851 /* ChatMessage.swift */; };
		4CB2C1C926BD001200045851 /* MyTabView.swift in Sources */ = {isa = PBXBuildFile; fileRef = 4CB2C1C826BD001200045851 /* MyTabView.swift */; };
		4CB3182C26AA17A800E8ADBF /* AuthView.swift in Sources */ = {isa = PBXBuildFile; fileRef = 4CB3182B26AA17A800E8ADBF /* AuthView.swift */; };
		4CB3182F26AA1F3B00E8ADBF /* Realm in Frameworks */ = {isa = PBXBuildFile; productRef = 4CB3182E26AA1F3B00E8ADBF /* Realm */; };
		4CB3183126AA1F3B00E8ADBF /* RealmSwift in Frameworks */ = {isa = PBXBuildFile; productRef = 4CB3183026AA1F3B00E8ADBF /* RealmSwift */; };
		4CB3183326AA20CB00E8ADBF /* User.swift in Sources */ = {isa = PBXBuildFile; fileRef = 4CB3183226AA20CB00E8ADBF /* User.swift */; };
		4CB3183526AA23A900E8ADBF /* RealmAPI.swift in Sources */ = {isa = PBXBuildFile; fileRef = 4CB3183426AA23A900E8ADBF /* RealmAPI.swift */; };
		4CB813742694C54500189E27 /* CommunityView.swift in Sources */ = {isa = PBXBuildFile; fileRef = 4CB813732694C54500189E27 /* CommunityView.swift */; };
		4CB813762694C9D800189E27 /* ChatRoomView.swift in Sources */ = {isa = PBXBuildFile; fileRef = 4CB813752694C9D800189E27 /* ChatRoomView.swift */; };
		4CB813782694CAC000189E27 /* ChatView2.swift in Sources */ = {isa = PBXBuildFile; fileRef = 4CB813772694CAC000189E27 /* ChatView2.swift */; };
		4CC1C42B25F7EF17000CBA0E /* Buttons.swift in Sources */ = {isa = PBXBuildFile; fileRef = 4CC1C42A25F7EF17000CBA0E /* Buttons.swift */; };
		4CC1C43025F7EF6E000CBA0E /* NameView.swift in Sources */ = {isa = PBXBuildFile; fileRef = 4CC1C42F25F7EF6E000CBA0E /* NameView.swift */; };
		4CC1C43A25F7EF9E000CBA0E /* GenderView.swift in Sources */ = {isa = PBXBuildFile; fileRef = 4CC1C43925F7EF9E000CBA0E /* GenderView.swift */; };
		4CC1C43F25F7EFAE000CBA0E /* ParentView.swift in Sources */ = {isa = PBXBuildFile; fileRef = 4CC1C43E25F7EFAE000CBA0E /* ParentView.swift */; };
		4CC1C44425F7EFC6000CBA0E /* NumberKidsView.swift in Sources */ = {isa = PBXBuildFile; fileRef = 4CC1C44325F7EFC6000CBA0E /* NumberKidsView.swift */; };
		4CC1C44925F7EFDE000CBA0E /* KidsrangeView.swift in Sources */ = {isa = PBXBuildFile; fileRef = 4CC1C44825F7EFDE000CBA0E /* KidsrangeView.swift */; };
		4CC1C44E25F7EFEB000CBA0E /* LocationView.swift in Sources */ = {isa = PBXBuildFile; fileRef = 4CC1C44D25F7EFEB000CBA0E /* LocationView.swift */; };
		4CC1C45325F7F000000CBA0E /* AddPhotosView.swift in Sources */ = {isa = PBXBuildFile; fileRef = 4CC1C45225F7F000000CBA0E /* AddPhotosView.swift */; };
		4CC1C45825F7F011000CBA0E /* AboutView.swift in Sources */ = {isa = PBXBuildFile; fileRef = 4CC1C45725F7F011000CBA0E /* AboutView.swift */; };
		4CC1C45D25F7F01F000CBA0E /* WantKidsView.swift in Sources */ = {isa = PBXBuildFile; fileRef = 4CC1C45C25F7F01F000CBA0E /* WantKidsView.swift */; };
		4CC1C46225F7F030000CBA0E /* InterestedView.swift in Sources */ = {isa = PBXBuildFile; fileRef = 4CC1C46125F7F030000CBA0E /* InterestedView.swift */; };
		4CC1C46725F7F040000CBA0E /* HeightView.swift in Sources */ = {isa = PBXBuildFile; fileRef = 4CC1C46625F7F040000CBA0E /* HeightView.swift */; };
		4CCE689326165BF800BD0C48 /* PrefView.swift in Sources */ = {isa = PBXBuildFile; fileRef = 4CCE689226165BF800BD0C48 /* PrefView.swift */; };
		4CD1A40E26C1A70D005B9108 /* EntryView.swift in Sources */ = {isa = PBXBuildFile; fileRef = 4CD1A40D26C1A70D005B9108 /* EntryView.swift */; };
		4CD1A41026C1A721005B9108 /* EntryTest.swift in Sources */ = {isa = PBXBuildFile; fileRef = 4CD1A40F26C1A721005B9108 /* EntryTest.swift */; };
		4CE334962609011900D07920 /* ProfileCardView.swift in Sources */ = {isa = PBXBuildFile; fileRef = 4CE334952609011900D07920 /* ProfileCardView.swift */; };
		4CE3349E26093F3900D07920 /* TodayBlendView.swift in Sources */ = {isa = PBXBuildFile; fileRef = 4CE3349D26093F3900D07920 /* TodayBlendView.swift */; };
		4CE334A32609431600D07920 /* AccountView.swift in Sources */ = {isa = PBXBuildFile; fileRef = 4CE334A22609431500D07920 /* AccountView.swift */; };
		4CE334A826094B6100D07920 /* PreferencesView.swift in Sources */ = {isa = PBXBuildFile; fileRef = 4CE334A726094B6100D07920 /* PreferencesView.swift */; };
		4CE6E38725D1DAB700711182 /* Extensions.swift in Sources */ = {isa = PBXBuildFile; fileRef = 4CE6E38625D1DAB700711182 /* Extensions.swift */; };
/* End PBXBuildFile section */

/* Begin PBXContainerItemProxy section */
		4C5B3A9425B0E452007A8C50 /* PBXContainerItemProxy */ = {
			isa = PBXContainerItemProxy;
			containerPortal = 4C5B3A7A25B0E451007A8C50 /* Project object */;
			proxyType = 1;
			remoteGlobalIDString = 4C5B3A8125B0E451007A8C50;
			remoteInfo = Blendate;
		};
		4C5B3A9F25B0E452007A8C50 /* PBXContainerItemProxy */ = {
			isa = PBXContainerItemProxy;
			containerPortal = 4C5B3A7A25B0E451007A8C50 /* Project object */;
			proxyType = 1;
			remoteGlobalIDString = 4C5B3A8125B0E451007A8C50;
			remoteInfo = Blendate;
		};
/* End PBXContainerItemProxy section */

/* Begin PBXFileReference section */
		4C00286025B2BCC700EC7984 /* Modifiers.swift */ = {isa = PBXFileReference; lastKnownFileType = sourcecode.swift; path = Modifiers.swift; sourceTree = "<group>"; };
		4C06CBF025D1055100AA3EA4 /* WelcomeView.swift */ = {isa = PBXFileReference; lastKnownFileType = sourcecode.swift; path = WelcomeView.swift; sourceTree = "<group>"; };
		4C28F40026C0463E00396369 /* ProfileCoverPhoto.swift */ = {isa = PBXFileReference; lastKnownFileType = sourcecode.swift; path = ProfileCoverPhoto.swift; sourceTree = "<group>"; };
		4C28F40226C047CA00396369 /* ProfileAbout.swift */ = {isa = PBXFileReference; lastKnownFileType = sourcecode.swift; path = ProfileAbout.swift; sourceTree = "<group>"; };
		4C28F40426C0482100396369 /* ProfileInfoCards.swift */ = {isa = PBXFileReference; lastKnownFileType = sourcecode.swift; path = ProfileInfoCards.swift; sourceTree = "<group>"; };
		4C28F40626C048AB00396369 /* ProfilePhotos.swift */ = {isa = PBXFileReference; lastKnownFileType = sourcecode.swift; path = ProfilePhotos.swift; sourceTree = "<group>"; };
		4C28F40826C048F800396369 /* ProfileInterests.swift */ = {isa = PBXFileReference; lastKnownFileType = sourcecode.swift; path = ProfileInterests.swift; sourceTree = "<group>"; };
		4C28F40B26C0681A00396369 /* SnapCarousel.swift */ = {isa = PBXFileReference; lastKnownFileType = sourcecode.swift; path = SnapCarousel.swift; sourceTree = "<group>"; };
		4C28F40D26C07FD100396369 /* BirthdayView.swift */ = {isa = PBXFileReference; lastKnownFileType = sourcecode.swift; path = BirthdayView.swift; sourceTree = "<group>"; };
		4C28FBD32666CD7D001AF351 /* ProfileView.swift */ = {isa = PBXFileReference; lastKnownFileType = sourcecode.swift; path = ProfileView.swift; sourceTree = "<group>"; };
		4C36A2BE266EBAB4009BA9EF /* Montserrat-SemiBoldItalic.ttf */ = {isa = PBXFileReference; lastKnownFileType = file; path = "Montserrat-SemiBoldItalic.ttf"; sourceTree = "<group>"; };
		4C36A2BF266EBAB4009BA9EF /* Montserrat-ThinItalic.ttf */ = {isa = PBXFileReference; lastKnownFileType = file; path = "Montserrat-ThinItalic.ttf"; sourceTree = "<group>"; };
		4C36A2C0266EBAB4009BA9EF /* Montserrat-Thin.ttf */ = {isa = PBXFileReference; lastKnownFileType = file; path = "Montserrat-Thin.ttf"; sourceTree = "<group>"; };
		4C36A2C1266EBAB4009BA9EF /* Montserrat-BlackItalic.ttf */ = {isa = PBXFileReference; lastKnownFileType = file; path = "Montserrat-BlackItalic.ttf"; sourceTree = "<group>"; };
		4C36A2C2266EBAB5009BA9EF /* LexendDeca-Regular.ttf */ = {isa = PBXFileReference; lastKnownFileType = file; path = "LexendDeca-Regular.ttf"; sourceTree = "<group>"; };
		4C36A2C3266EBAB5009BA9EF /* Montserrat-Medium.ttf */ = {isa = PBXFileReference; lastKnownFileType = file; path = "Montserrat-Medium.ttf"; sourceTree = "<group>"; };
		4C36A2C4266EBAB5009BA9EF /* Montserrat-Black.ttf */ = {isa = PBXFileReference; lastKnownFileType = file; path = "Montserrat-Black.ttf"; sourceTree = "<group>"; };
		4C36A2C5266EBAB5009BA9EF /* Montserrat-ExtraLight.ttf */ = {isa = PBXFileReference; lastKnownFileType = file; path = "Montserrat-ExtraLight.ttf"; sourceTree = "<group>"; };
		4C36A2C6266EBAB5009BA9EF /* Montserrat-ExtraBoldItalic.ttf */ = {isa = PBXFileReference; lastKnownFileType = file; path = "Montserrat-ExtraBoldItalic.ttf"; sourceTree = "<group>"; };
		4C36A2C7266EBAB5009BA9EF /* Montserrat-ExtraLightItalic.ttf */ = {isa = PBXFileReference; lastKnownFileType = file; path = "Montserrat-ExtraLightItalic.ttf"; sourceTree = "<group>"; };
		4C36A2C8266EBAB5009BA9EF /* Montserrat-BoldItalic.ttf */ = {isa = PBXFileReference; lastKnownFileType = file; path = "Montserrat-BoldItalic.ttf"; sourceTree = "<group>"; };
		4C36A2C9266EBAB5009BA9EF /* Montserrat-Light.ttf */ = {isa = PBXFileReference; lastKnownFileType = file; path = "Montserrat-Light.ttf"; sourceTree = "<group>"; };
		4C36A2CA266EBAB5009BA9EF /* Montserrat-MediumItalic.ttf */ = {isa = PBXFileReference; lastKnownFileType = file; path = "Montserrat-MediumItalic.ttf"; sourceTree = "<group>"; };
		4C36A2CB266EBAB5009BA9EF /* Montserrat-SemiBold.ttf */ = {isa = PBXFileReference; lastKnownFileType = file; path = "Montserrat-SemiBold.ttf"; sourceTree = "<group>"; };
		4C36A2CC266EBAB5009BA9EF /* Montserrat-Italic.ttf */ = {isa = PBXFileReference; lastKnownFileType = file; path = "Montserrat-Italic.ttf"; sourceTree = "<group>"; };
		4C36A2CD266EBAB5009BA9EF /* Montserrat-Regular.ttf */ = {isa = PBXFileReference; lastKnownFileType = file; path = "Montserrat-Regular.ttf"; sourceTree = "<group>"; };
		4C36A2CE266EBAB5009BA9EF /* Montserrat-ExtraBold.ttf */ = {isa = PBXFileReference; lastKnownFileType = file; path = "Montserrat-ExtraBold.ttf"; sourceTree = "<group>"; };
		4C36A2CF266EBAB5009BA9EF /* Montserrat-LightItalic.ttf */ = {isa = PBXFileReference; lastKnownFileType = file; path = "Montserrat-LightItalic.ttf"; sourceTree = "<group>"; };
		4C36A2D0266EBAB5009BA9EF /* Montserrat-Bold.ttf */ = {isa = PBXFileReference; lastKnownFileType = file; path = "Montserrat-Bold.ttf"; sourceTree = "<group>"; };
		4C36A2E4266EC2FB009BA9EF /* WorkView.swift */ = {isa = PBXFileReference; lastKnownFileType = sourcecode.swift; path = WorkView.swift; sourceTree = "<group>"; };
		4C36A2E6266EC549009BA9EF /* RelationshipView.swift */ = {isa = PBXFileReference; lastKnownFileType = sourcecode.swift; path = RelationshipView.swift; sourceTree = "<group>"; };
		4C36A2E8266EC80D009BA9EF /* EducationView.swift */ = {isa = PBXFileReference; lastKnownFileType = sourcecode.swift; path = EducationView.swift; sourceTree = "<group>"; };
		4C36A2EA266EC890009BA9EF /* MobilityView.swift */ = {isa = PBXFileReference; lastKnownFileType = sourcecode.swift; path = MobilityView.swift; sourceTree = "<group>"; };
		4C36A2EC266ECA2F009BA9EF /* ReligionView.swift */ = {isa = PBXFileReference; lastKnownFileType = sourcecode.swift; path = ReligionView.swift; sourceTree = "<group>"; };
		4C36A2EE266ECB5E009BA9EF /* PoliticsView.swift */ = {isa = PBXFileReference; lastKnownFileType = sourcecode.swift; path = PoliticsView.swift; sourceTree = "<group>"; };
		4C36A2F0266ECD5F009BA9EF /* EthnicityView.swift */ = {isa = PBXFileReference; lastKnownFileType = sourcecode.swift; path = EthnicityView.swift; sourceTree = "<group>"; };
		4C36A2F2266ECF32009BA9EF /* VicesView.swift */ = {isa = PBXFileReference; lastKnownFileType = sourcecode.swift; path = VicesView.swift; sourceTree = "<group>"; };
		4C36A2F62677CE08009BA9EF /* InfoCard.swift */ = {isa = PBXFileReference; lastKnownFileType = sourcecode.swift; path = InfoCard.swift; sourceTree = "<group>"; };
		4C4970DE25ED7E3B00D8DC0C /* SignupView.swift */ = {isa = PBXFileReference; lastKnownFileType = sourcecode.swift; path = SignupView.swift; sourceTree = "<group>"; };
		4C529F33262E01E2006511C6 /* ImagePicker.swift */ = {isa = PBXFileReference; lastKnownFileType = sourcecode.swift; path = ImagePicker.swift; sourceTree = "<group>"; };
		4C529F3B262E0594006511C6 /* MorePreferencesView.swift */ = {isa = PBXFileReference; lastKnownFileType = sourcecode.swift; path = MorePreferencesView.swift; sourceTree = "<group>"; };
		4C5B3A8225B0E451007A8C50 /* Blendate.app */ = {isa = PBXFileReference; explicitFileType = wrapper.application; includeInIndex = 0; path = Blendate.app; sourceTree = BUILT_PRODUCTS_DIR; };
		4C5B3A8525B0E451007A8C50 /* BlendateApp.swift */ = {isa = PBXFileReference; lastKnownFileType = sourcecode.swift; path = BlendateApp.swift; sourceTree = "<group>"; };
		4C5B3A8725B0E451007A8C50 /* InitialView.swift */ = {isa = PBXFileReference; lastKnownFileType = sourcecode.swift; path = InitialView.swift; sourceTree = "<group>"; };
		4C5B3A8925B0E452007A8C50 /* Assets.xcassets */ = {isa = PBXFileReference; lastKnownFileType = folder.assetcatalog; path = Assets.xcassets; sourceTree = "<group>"; };
		4C5B3A8C25B0E452007A8C50 /* Preview Assets.xcassets */ = {isa = PBXFileReference; lastKnownFileType = folder.assetcatalog; path = "Preview Assets.xcassets"; sourceTree = "<group>"; };
		4C5B3A8E25B0E452007A8C50 /* Info.plist */ = {isa = PBXFileReference; lastKnownFileType = text.plist.xml; path = Info.plist; sourceTree = "<group>"; };
		4C5B3A9325B0E452007A8C50 /* BlendateTests.xctest */ = {isa = PBXFileReference; explicitFileType = wrapper.cfbundle; includeInIndex = 0; path = BlendateTests.xctest; sourceTree = BUILT_PRODUCTS_DIR; };
		4C5B3A9725B0E452007A8C50 /* BlendateTests.swift */ = {isa = PBXFileReference; lastKnownFileType = sourcecode.swift; path = BlendateTests.swift; sourceTree = "<group>"; };
		4C5B3A9925B0E452007A8C50 /* Info.plist */ = {isa = PBXFileReference; lastKnownFileType = text.plist.xml; path = Info.plist; sourceTree = "<group>"; };
		4C5B3A9E25B0E452007A8C50 /* BlendateUITests.xctest */ = {isa = PBXFileReference; explicitFileType = wrapper.cfbundle; includeInIndex = 0; path = BlendateUITests.xctest; sourceTree = BUILT_PRODUCTS_DIR; };
		4C5B3AA225B0E452007A8C50 /* BlendateUITests.swift */ = {isa = PBXFileReference; lastKnownFileType = sourcecode.swift; path = BlendateUITests.swift; sourceTree = "<group>"; };
		4C5B3AA425B0E452007A8C50 /* Info.plist */ = {isa = PBXFileReference; lastKnownFileType = text.plist.xml; path = Info.plist; sourceTree = "<group>"; };
		4C5B3AC025B14E80007A8C50 /* Constants.swift */ = {isa = PBXFileReference; lastKnownFileType = sourcecode.swift; path = Constants.swift; sourceTree = "<group>"; };
		4C65B33A26BF639900F40C22 /* DateProfileView.swift */ = {isa = PBXFileReference; lastKnownFileType = sourcecode.swift; path = DateProfileView.swift; sourceTree = "<group>"; };
		4C65B33C26BF677600F40C22 /* SaveConversationButton.swift */ = {isa = PBXFileReference; lastKnownFileType = sourcecode.swift; path = SaveConversationButton.swift; sourceTree = "<group>"; };
		4C65B33E26BF6C5000F40C22 /* ChatTextField.swift */ = {isa = PBXFileReference; lastKnownFileType = sourcecode.swift; path = ChatTextField.swift; sourceTree = "<group>"; };
		4C65B34026BF6E5300F40C22 /* ChatBannerView.swift */ = {isa = PBXFileReference; lastKnownFileType = sourcecode.swift; path = ChatBannerView.swift; sourceTree = "<group>"; };
		4C65B34226BF6F2200F40C22 /* ChatCellView.swift */ = {isa = PBXFileReference; lastKnownFileType = sourcecode.swift; path = ChatCellView.swift; sourceTree = "<group>"; };
		4C6DBBF026CAE51B000561F6 /* PreferenceCell.swift */ = {isa = PBXFileReference; lastKnownFileType = sourcecode.swift; path = PreferenceCell.swift; sourceTree = "<group>"; };
		4C6DBBF226CAF272000561F6 /* EditProfileCell.swift */ = {isa = PBXFileReference; lastKnownFileType = sourcecode.swift; path = EditProfileCell.swift; sourceTree = "<group>"; };
		4C75333326697096000F0BCF /* HorizontalPickerView.swift */ = {isa = PBXFileReference; lastKnownFileType = sourcecode.swift; path = HorizontalPickerView.swift; sourceTree = "<group>"; };
		4C8ED44226BE34B900361FF4 /* PhotoCaptureController.swift */ = {isa = PBXFileReference; lastKnownFileType = sourcecode.swift; path = PhotoCaptureController.swift; sourceTree = "<group>"; };
		4C93F20A2677DDF70014E483 /* EditProfile.swift */ = {isa = PBXFileReference; lastKnownFileType = sourcecode.swift; path = EditProfile.swift; sourceTree = "<group>"; };
		4C93F20E267A73330014E483 /* PhotoView.swift */ = {isa = PBXFileReference; lastKnownFileType = sourcecode.swift; path = PhotoView.swift; sourceTree = "<group>"; };
		4C93F210267A735C0014E483 /* InterestsView.swift */ = {isa = PBXFileReference; lastKnownFileType = sourcecode.swift; path = InterestsView.swift; sourceTree = "<group>"; };
		4C93F232267BCBB20014E483 /* EditPhotos.swift */ = {isa = PBXFileReference; lastKnownFileType = sourcecode.swift; path = EditPhotos.swift; sourceTree = "<group>"; };
		4C93F234267BCBC00014E483 /* EditInterests.swift */ = {isa = PBXFileReference; lastKnownFileType = sourcecode.swift; path = EditInterests.swift; sourceTree = "<group>"; };
		4C93F236267BD04C0014E483 /* HelpCenterView.swift */ = {isa = PBXFileReference; lastKnownFileType = sourcecode.swift; path = HelpCenterView.swift; sourceTree = "<group>"; };
		4CB2C1B826BB021F00045851 /* AppState.swift */ = {isa = PBXFileReference; lastKnownFileType = sourcecode.swift; path = AppState.swift; sourceTree = "<group>"; };
		4CB2C1BA26BB192300045851 /* MatchUser.swift */ = {isa = PBXFileReference; lastKnownFileType = sourcecode.swift; path = MatchUser.swift; sourceTree = "<group>"; };
		4CB2C1BC26BB1AB700045851 /* Photo.swift */ = {isa = PBXFileReference; lastKnownFileType = sourcecode.swift; path = Photo.swift; sourceTree = "<group>"; };
		4CB2C1BE26BB1C6B00045851 /* Conversation.swift */ = {isa = PBXFileReference; lastKnownFileType = sourcecode.swift; path = Conversation.swift; sourceTree = "<group>"; };
		4CB2C1C226BB1CDB00045851 /* ChatMessage.swift */ = {isa = PBXFileReference; lastKnownFileType = sourcecode.swift; path = ChatMessage.swift; sourceTree = "<group>"; };
		4CB2C1C826BD001200045851 /* MyTabView.swift */ = {isa = PBXFileReference; lastKnownFileType = sourcecode.swift; path = MyTabView.swift; sourceTree = "<group>"; };
		4CB3182B26AA17A800E8ADBF /* AuthView.swift */ = {isa = PBXFileReference; lastKnownFileType = sourcecode.swift; path = AuthView.swift; sourceTree = "<group>"; };
		4CB3183226AA20CB00E8ADBF /* User.swift */ = {isa = PBXFileReference; lastKnownFileType = sourcecode.swift; path = User.swift; sourceTree = "<group>"; };
		4CB3183426AA23A900E8ADBF /* RealmAPI.swift */ = {isa = PBXFileReference; lastKnownFileType = sourcecode.swift; path = RealmAPI.swift; sourceTree = "<group>"; };
		4CB813732694C54500189E27 /* CommunityView.swift */ = {isa = PBXFileReference; lastKnownFileType = sourcecode.swift; path = CommunityView.swift; sourceTree = "<group>"; };
		4CB813752694C9D800189E27 /* ChatRoomView.swift */ = {isa = PBXFileReference; lastKnownFileType = sourcecode.swift; path = ChatRoomView.swift; sourceTree = "<group>"; };
		4CB813772694CAC000189E27 /* ChatView2.swift */ = {isa = PBXFileReference; lastKnownFileType = sourcecode.swift; path = ChatView2.swift; sourceTree = "<group>"; };
		4CC1C42A25F7EF17000CBA0E /* Buttons.swift */ = {isa = PBXFileReference; lastKnownFileType = sourcecode.swift; path = Buttons.swift; sourceTree = "<group>"; };
		4CC1C42F25F7EF6E000CBA0E /* NameView.swift */ = {isa = PBXFileReference; lastKnownFileType = sourcecode.swift; path = NameView.swift; sourceTree = "<group>"; };
		4CC1C43925F7EF9E000CBA0E /* GenderView.swift */ = {isa = PBXFileReference; lastKnownFileType = sourcecode.swift; path = GenderView.swift; sourceTree = "<group>"; };
		4CC1C43E25F7EFAE000CBA0E /* ParentView.swift */ = {isa = PBXFileReference; lastKnownFileType = sourcecode.swift; path = ParentView.swift; sourceTree = "<group>"; };
		4CC1C44325F7EFC6000CBA0E /* NumberKidsView.swift */ = {isa = PBXFileReference; lastKnownFileType = sourcecode.swift; path = NumberKidsView.swift; sourceTree = "<group>"; };
		4CC1C44825F7EFDE000CBA0E /* KidsrangeView.swift */ = {isa = PBXFileReference; lastKnownFileType = sourcecode.swift; path = KidsrangeView.swift; sourceTree = "<group>"; };
		4CC1C44D25F7EFEB000CBA0E /* LocationView.swift */ = {isa = PBXFileReference; lastKnownFileType = sourcecode.swift; path = LocationView.swift; sourceTree = "<group>"; };
		4CC1C45225F7F000000CBA0E /* AddPhotosView.swift */ = {isa = PBXFileReference; lastKnownFileType = sourcecode.swift; path = AddPhotosView.swift; sourceTree = "<group>"; };
		4CC1C45725F7F011000CBA0E /* AboutView.swift */ = {isa = PBXFileReference; lastKnownFileType = sourcecode.swift; path = AboutView.swift; sourceTree = "<group>"; };
		4CC1C45C25F7F01F000CBA0E /* WantKidsView.swift */ = {isa = PBXFileReference; lastKnownFileType = sourcecode.swift; path = WantKidsView.swift; sourceTree = "<group>"; };
		4CC1C46125F7F030000CBA0E /* InterestedView.swift */ = {isa = PBXFileReference; lastKnownFileType = sourcecode.swift; path = InterestedView.swift; sourceTree = "<group>"; };
		4CC1C46625F7F040000CBA0E /* HeightView.swift */ = {isa = PBXFileReference; lastKnownFileType = sourcecode.swift; path = HeightView.swift; sourceTree = "<group>"; };
		4CCE689226165BF800BD0C48 /* PrefView.swift */ = {isa = PBXFileReference; lastKnownFileType = sourcecode.swift; path = PrefView.swift; sourceTree = "<group>"; };
		4CD1A40D26C1A70D005B9108 /* EntryView.swift */ = {isa = PBXFileReference; lastKnownFileType = sourcecode.swift; path = EntryView.swift; sourceTree = "<group>"; };
		4CD1A40F26C1A721005B9108 /* EntryTest.swift */ = {isa = PBXFileReference; lastKnownFileType = sourcecode.swift; path = EntryTest.swift; sourceTree = "<group>"; };
		4CE334952609011900D07920 /* ProfileCardView.swift */ = {isa = PBXFileReference; lastKnownFileType = sourcecode.swift; path = ProfileCardView.swift; sourceTree = "<group>"; };
		4CE3349D26093F3900D07920 /* TodayBlendView.swift */ = {isa = PBXFileReference; lastKnownFileType = sourcecode.swift; path = TodayBlendView.swift; sourceTree = "<group>"; };
		4CE334A22609431500D07920 /* AccountView.swift */ = {isa = PBXFileReference; lastKnownFileType = sourcecode.swift; path = AccountView.swift; sourceTree = "<group>"; };
		4CE334A726094B6100D07920 /* PreferencesView.swift */ = {isa = PBXFileReference; lastKnownFileType = sourcecode.swift; path = PreferencesView.swift; sourceTree = "<group>"; };
		4CE6E38625D1DAB700711182 /* Extensions.swift */ = {isa = PBXFileReference; lastKnownFileType = sourcecode.swift; path = Extensions.swift; sourceTree = "<group>"; };
/* End PBXFileReference section */

/* Begin PBXFrameworksBuildPhase section */
		4C5B3A7F25B0E451007A8C50 /* Frameworks */ = {
			isa = PBXFrameworksBuildPhase;
			buildActionMask = 2147483647;
			files = (
				4CB3183126AA1F3B00E8ADBF /* RealmSwift in Frameworks */,
				4CB3182F26AA1F3B00E8ADBF /* Realm in Frameworks */,
			);
			runOnlyForDeploymentPostprocessing = 0;
		};
		4C5B3A9025B0E452007A8C50 /* Frameworks */ = {
			isa = PBXFrameworksBuildPhase;
			buildActionMask = 2147483647;
			files = (
			);
			runOnlyForDeploymentPostprocessing = 0;
		};
		4C5B3A9B25B0E452007A8C50 /* Frameworks */ = {
			isa = PBXFrameworksBuildPhase;
			buildActionMask = 2147483647;
			files = (
			);
			runOnlyForDeploymentPostprocessing = 0;
		};
/* End PBXFrameworksBuildPhase section */

/* Begin PBXGroup section */
		4C1B01A7262E265A00B9E5F7 /* Profile */ = {
			isa = PBXGroup;
			children = (
				4C28FBD32666CD7D001AF351 /* ProfileView.swift */,
				4CE334952609011900D07920 /* ProfileCardView.swift */,
				4C65B33A26BF639900F40C22 /* DateProfileView.swift */,
				4CCA8438269D2D46003957F8 /* Edit */,
				4CCA8439269D2FDE003957F8 /* Settings */,
			);
			path = Profile;
			sourceTree = "<group>";
		};
		4C28F40A26C0496200396369 /* Profile */ = {
			isa = PBXGroup;
			children = (
				4C36A2F62677CE08009BA9EF /* InfoCard.swift */,
				4C65B33C26BF677600F40C22 /* SaveConversationButton.swift */,
				4C28F40026C0463E00396369 /* ProfileCoverPhoto.swift */,
				4C28F40226C047CA00396369 /* ProfileAbout.swift */,
				4C28F40426C0482100396369 /* ProfileInfoCards.swift */,
				4C28F40626C048AB00396369 /* ProfilePhotos.swift */,
				4C28F40826C048F800396369 /* ProfileInterests.swift */,
			);
			path = Profile;
			sourceTree = "<group>";
		};
		4C2E2280269CC0B4003F2003 /* Local */ = {
			isa = PBXGroup;
			children = (
				4CB2C1C826BD001200045851 /* MyTabView.swift */,
				4CB3183426AA23A900E8ADBF /* RealmAPI.swift */,
			);
			path = Local;
			sourceTree = "<group>";
		};
		4C36A2BD266EBA87009BA9EF /* Fonts */ = {
			isa = PBXGroup;
			children = (
				4C36A2C2266EBAB5009BA9EF /* LexendDeca-Regular.ttf */,
				4C36A2C4266EBAB5009BA9EF /* Montserrat-Black.ttf */,
				4C36A2C1266EBAB4009BA9EF /* Montserrat-BlackItalic.ttf */,
				4C36A2D0266EBAB5009BA9EF /* Montserrat-Bold.ttf */,
				4C36A2C8266EBAB5009BA9EF /* Montserrat-BoldItalic.ttf */,
				4C36A2CE266EBAB5009BA9EF /* Montserrat-ExtraBold.ttf */,
				4C36A2C6266EBAB5009BA9EF /* Montserrat-ExtraBoldItalic.ttf */,
				4C36A2C5266EBAB5009BA9EF /* Montserrat-ExtraLight.ttf */,
				4C36A2C7266EBAB5009BA9EF /* Montserrat-ExtraLightItalic.ttf */,
				4C36A2CC266EBAB5009BA9EF /* Montserrat-Italic.ttf */,
				4C36A2C9266EBAB5009BA9EF /* Montserrat-Light.ttf */,
				4C36A2CF266EBAB5009BA9EF /* Montserrat-LightItalic.ttf */,
				4C36A2C3266EBAB5009BA9EF /* Montserrat-Medium.ttf */,
				4C36A2CA266EBAB5009BA9EF /* Montserrat-MediumItalic.ttf */,
				4C36A2CD266EBAB5009BA9EF /* Montserrat-Regular.ttf */,
				4C36A2CB266EBAB5009BA9EF /* Montserrat-SemiBold.ttf */,
				4C36A2BE266EBAB4009BA9EF /* Montserrat-SemiBoldItalic.ttf */,
				4C36A2C0266EBAB4009BA9EF /* Montserrat-Thin.ttf */,
				4C36A2BF266EBAB4009BA9EF /* Montserrat-ThinItalic.ttf */,
			);
			path = Fonts;
			sourceTree = "<group>";
		};
		4C526376260D376F006CE138 /* Preferences */ = {
			isa = PBXGroup;
			children = (
				4CC1C46625F7F040000CBA0E /* HeightView.swift */,
				4CC1C46125F7F030000CBA0E /* InterestedView.swift */,
				4C36A2E6266EC549009BA9EF /* RelationshipView.swift */,
				4CC1C45C25F7F01F000CBA0E /* WantKidsView.swift */,
				4C36A2E4266EC2FB009BA9EF /* WorkView.swift */,
				4C36A2E8266EC80D009BA9EF /* EducationView.swift */,
				4C36A2EA266EC890009BA9EF /* MobilityView.swift */,
				4C36A2EC266ECA2F009BA9EF /* ReligionView.swift */,
				4C36A2EE266ECB5E009BA9EF /* PoliticsView.swift */,
				4C36A2F0266ECD5F009BA9EF /* EthnicityView.swift */,
				4C36A2F2266ECF32009BA9EF /* VicesView.swift */,
				4C93F210267A735C0014E483 /* InterestsView.swift */,
			);
			path = Preferences;
			sourceTree = "<group>";
		};
		4C5B3A7925B0E451007A8C50 = {
			isa = PBXGroup;
			children = (
				4C5B3A8425B0E451007A8C50 /* Blendate */,
				4C5B3A9625B0E452007A8C50 /* BlendateTests */,
				4C5B3AA125B0E452007A8C50 /* BlendateUITests */,
				4C5B3A8325B0E451007A8C50 /* Products */,
			);
			sourceTree = "<group>";
		};
		4C5B3A8325B0E451007A8C50 /* Products */ = {
			isa = PBXGroup;
			children = (
				4C5B3A8225B0E451007A8C50 /* Blendate.app */,
				4C5B3A9325B0E452007A8C50 /* BlendateTests.xctest */,
				4C5B3A9E25B0E452007A8C50 /* BlendateUITests.xctest */,
			);
			name = Products;
			sourceTree = "<group>";
		};
		4C5B3A8425B0E451007A8C50 /* Blendate */ = {
			isa = PBXGroup;
			children = (
				4C5B3A8525B0E451007A8C50 /* BlendateApp.swift */,
				4CB2C1B826BB021F00045851 /* AppState.swift */,
				4C5B3A8725B0E451007A8C50 /* InitialView.swift */,
				4CD1A40D26C1A70D005B9108 /* EntryView.swift */,
				4CD1A40F26C1A721005B9108 /* EntryTest.swift */,
				4C5B3AC925B14F48007A8C50 /* View */,
				4C5B3AC525B14F41007A8C50 /* Model */,
				4C5B3ACD25B14F75007A8C50 /* Utils */,
				4C2E2280269CC0B4003F2003 /* Local */,
				4C5B3A8925B0E452007A8C50 /* Assets.xcassets */,
				4C5B3A8E25B0E452007A8C50 /* Info.plist */,
				4C5B3A8B25B0E452007A8C50 /* Preview Content */,
			);
			path = Blendate;
			sourceTree = "<group>";
		};
		4C5B3A8B25B0E452007A8C50 /* Preview Content */ = {
			isa = PBXGroup;
			children = (
				4C5B3A8C25B0E452007A8C50 /* Preview Assets.xcassets */,
			);
			path = "Preview Content";
			sourceTree = "<group>";
		};
		4C5B3A9625B0E452007A8C50 /* BlendateTests */ = {
			isa = PBXGroup;
			children = (
				4C5B3A9725B0E452007A8C50 /* BlendateTests.swift */,
				4C5B3A9925B0E452007A8C50 /* Info.plist */,
			);
			path = BlendateTests;
			sourceTree = "<group>";
		};
		4C5B3AA125B0E452007A8C50 /* BlendateUITests */ = {
			isa = PBXGroup;
			children = (
				4C5B3AA225B0E452007A8C50 /* BlendateUITests.swift */,
				4C5B3AA425B0E452007A8C50 /* Info.plist */,
			);
			path = BlendateUITests;
			sourceTree = "<group>";
		};
		4C5B3AC525B14F41007A8C50 /* Model */ = {
			isa = PBXGroup;
			children = (
				4CB3183226AA20CB00E8ADBF /* User.swift */,
				4CB2C1BA26BB192300045851 /* MatchUser.swift */,
				4CB2C1BC26BB1AB700045851 /* Photo.swift */,
				4CB2C1BE26BB1C6B00045851 /* Conversation.swift */,
				4CB2C1C226BB1CDB00045851 /* ChatMessage.swift */,
			);
			path = Model;
			sourceTree = "<group>";
		};
		4C5B3AC925B14F48007A8C50 /* View */ = {
			isa = PBXGroup;
			children = (
				4C06CBF025D1055100AA3EA4 /* WelcomeView.swift */,
				4CC1C42625F7EDFE000CBA0E /* Signup */,
				4C1B01A7262E265A00B9E5F7 /* Profile */,
				4CF0FB8226C0AFEE00A0ECE5 /* Today */,
				4CF71ED0261B9F8300BEF3B0 /* Chat */,
				4CCA843A269D3003003957F8 /* Community */,
				4CC1C47425F7F2CF000CBA0E /* Components */,
			);
			path = View;
			sourceTree = "<group>";
		};
		4C5B3ACD25B14F75007A8C50 /* Utils */ = {
			isa = PBXGroup;
			children = (
				4C36A2BD266EBA87009BA9EF /* Fonts */,
				4C5B3AC025B14E80007A8C50 /* Constants.swift */,
				4C00286025B2BCC700EC7984 /* Modifiers.swift */,
				4CE6E38625D1DAB700711182 /* Extensions.swift */,
				4C8ED44226BE34B900361FF4 /* PhotoCaptureController.swift */,
			);
			path = Utils;
			sourceTree = "<group>";
		};
		4CC1C42625F7EDFE000CBA0E /* Signup */ = {
			isa = PBXGroup;
			children = (
				4C4970DE25ED7E3B00D8DC0C /* SignupView.swift */,
				4CC1C42F25F7EF6E000CBA0E /* NameView.swift */,
				4C28F40D26C07FD100396369 /* BirthdayView.swift */,
				4CC1C43925F7EF9E000CBA0E /* GenderView.swift */,
				4CC1C43E25F7EFAE000CBA0E /* ParentView.swift */,
				4CC1C44325F7EFC6000CBA0E /* NumberKidsView.swift */,
				4CC1C44825F7EFDE000CBA0E /* KidsrangeView.swift */,
				4CC1C44D25F7EFEB000CBA0E /* LocationView.swift */,
				4CC1C45725F7F011000CBA0E /* AboutView.swift */,
				4CC1C45225F7F000000CBA0E /* AddPhotosView.swift */,
				4C529F3B262E0594006511C6 /* MorePreferencesView.swift */,
				4C526376260D376F006CE138 /* Preferences */,
				4CCE689226165BF800BD0C48 /* PrefView.swift */,
			);
			path = Signup;
			sourceTree = "<group>";
		};
		4CC1C47425F7F2CF000CBA0E /* Components */ = {
			isa = PBXGroup;
			children = (
				4C28F40A26C0496200396369 /* Profile */,
				4C93F20E267A73330014E483 /* PhotoView.swift */,
				4C6DBBF026CAE51B000561F6 /* PreferenceCell.swift */,
				4C6DBBF226CAF272000561F6 /* EditProfileCell.swift */,
				4CC1C42A25F7EF17000CBA0E /* Buttons.swift */,
				4C529F33262E01E2006511C6 /* ImagePicker.swift */,
				4C75333326697096000F0BCF /* HorizontalPickerView.swift */,
				4C65B34226BF6F2200F40C22 /* ChatCellView.swift */,
				4C65B34026BF6E5300F40C22 /* ChatBannerView.swift */,
				4C65B33E26BF6C5000F40C22 /* ChatTextField.swift */,
				4C28F40B26C0681A00396369 /* SnapCarousel.swift */,
			);
			path = Components;
			sourceTree = "<group>";
		};
		4CCA8438269D2D46003957F8 /* Edit */ = {
			isa = PBXGroup;
			children = (
				4C93F20A2677DDF70014E483 /* EditProfile.swift */,
				4C93F232267BCBB20014E483 /* EditPhotos.swift */,
				4C93F234267BCBC00014E483 /* EditInterests.swift */,
			);
			path = Edit;
			sourceTree = "<group>";
		};
		4CCA8439269D2FDE003957F8 /* Settings */ = {
			isa = PBXGroup;
			children = (
				4CE334A22609431500D07920 /* AccountView.swift */,
				4C93F236267BD04C0014E483 /* HelpCenterView.swift */,
				4CE334A726094B6100D07920 /* PreferencesView.swift */,
				4CB3182B26AA17A800E8ADBF /* AuthView.swift */,
			);
			path = Settings;
			sourceTree = "<group>";
		};
		4CCA843A269D3003003957F8 /* Community */ = {
			isa = PBXGroup;
			children = (
				4CB813732694C54500189E27 /* CommunityView.swift */,
			);
			path = Community;
			sourceTree = "<group>";
		};
		4CF0FB8226C0AFEE00A0ECE5 /* Today */ = {
			isa = PBXGroup;
			children = (
				4CE3349D26093F3900D07920 /* TodayBlendView.swift */,
			);
			path = Today;
			sourceTree = "<group>";
		};
		4CF71ED0261B9F8300BEF3B0 /* Chat */ = {
			isa = PBXGroup;
			children = (
				4CB813752694C9D800189E27 /* ChatRoomView.swift */,
				4CB813772694CAC000189E27 /* ChatView2.swift */,
			);
			path = Chat;
			sourceTree = "<group>";
		};
/* End PBXGroup section */

/* Begin PBXNativeTarget section */
		4C5B3A8125B0E451007A8C50 /* Blendate */ = {
			isa = PBXNativeTarget;
			buildConfigurationList = 4C5B3AA725B0E452007A8C50 /* Build configuration list for PBXNativeTarget "Blendate" */;
			buildPhases = (
				4C5B3A7E25B0E451007A8C50 /* Sources */,
				4C5B3A7F25B0E451007A8C50 /* Frameworks */,
				4C5B3A8025B0E451007A8C50 /* Resources */,
			);
			buildRules = (
			);
			dependencies = (
			);
			name = Blendate;
			packageProductDependencies = (
				4CB3182E26AA1F3B00E8ADBF /* Realm */,
				4CB3183026AA1F3B00E8ADBF /* RealmSwift */,
			);
			productName = Blendate;
			productReference = 4C5B3A8225B0E451007A8C50 /* Blendate.app */;
			productType = "com.apple.product-type.application";
		};
		4C5B3A9225B0E452007A8C50 /* BlendateTests */ = {
			isa = PBXNativeTarget;
			buildConfigurationList = 4C5B3AAA25B0E452007A8C50 /* Build configuration list for PBXNativeTarget "BlendateTests" */;
			buildPhases = (
				4C5B3A8F25B0E452007A8C50 /* Sources */,
				4C5B3A9025B0E452007A8C50 /* Frameworks */,
				4C5B3A9125B0E452007A8C50 /* Resources */,
			);
			buildRules = (
			);
			dependencies = (
				4C5B3A9525B0E452007A8C50 /* PBXTargetDependency */,
			);
			name = BlendateTests;
			productName = BlendateTests;
			productReference = 4C5B3A9325B0E452007A8C50 /* BlendateTests.xctest */;
			productType = "com.apple.product-type.bundle.unit-test";
		};
		4C5B3A9D25B0E452007A8C50 /* BlendateUITests */ = {
			isa = PBXNativeTarget;
			buildConfigurationList = 4C5B3AAD25B0E452007A8C50 /* Build configuration list for PBXNativeTarget "BlendateUITests" */;
			buildPhases = (
				4C5B3A9A25B0E452007A8C50 /* Sources */,
				4C5B3A9B25B0E452007A8C50 /* Frameworks */,
				4C5B3A9C25B0E452007A8C50 /* Resources */,
			);
			buildRules = (
			);
			dependencies = (
				4C5B3AA025B0E452007A8C50 /* PBXTargetDependency */,
			);
			name = BlendateUITests;
			productName = BlendateUITests;
			productReference = 4C5B3A9E25B0E452007A8C50 /* BlendateUITests.xctest */;
			productType = "com.apple.product-type.bundle.ui-testing";
		};
/* End PBXNativeTarget section */

/* Begin PBXProject section */
		4C5B3A7A25B0E451007A8C50 /* Project object */ = {
			isa = PBXProject;
			attributes = {
				LastSwiftUpdateCheck = 1230;
				LastUpgradeCheck = 1230;
				TargetAttributes = {
					4C5B3A8125B0E451007A8C50 = {
						CreatedOnToolsVersion = 12.3;
					};
					4C5B3A9225B0E452007A8C50 = {
						CreatedOnToolsVersion = 12.3;
						TestTargetID = 4C5B3A8125B0E451007A8C50;
					};
					4C5B3A9D25B0E452007A8C50 = {
						CreatedOnToolsVersion = 12.3;
						TestTargetID = 4C5B3A8125B0E451007A8C50;
					};
				};
			};
			buildConfigurationList = 4C5B3A7D25B0E451007A8C50 /* Build configuration list for PBXProject "Blendate" */;
			compatibilityVersion = "Xcode 9.3";
			developmentRegion = en;
			hasScannedForEncodings = 0;
			knownRegions = (
				en,
				Base,
			);
			mainGroup = 4C5B3A7925B0E451007A8C50;
			packageReferences = (
				4CB3182D26AA1F3B00E8ADBF /* XCRemoteSwiftPackageReference "realm-cocoa" */,
			);
			productRefGroup = 4C5B3A8325B0E451007A8C50 /* Products */;
			projectDirPath = "";
			projectRoot = "";
			targets = (
				4C5B3A8125B0E451007A8C50 /* Blendate */,
				4C5B3A9225B0E452007A8C50 /* BlendateTests */,
				4C5B3A9D25B0E452007A8C50 /* BlendateUITests */,
			);
		};
/* End PBXProject section */

/* Begin PBXResourcesBuildPhase section */
		4C5B3A8025B0E451007A8C50 /* Resources */ = {
			isa = PBXResourcesBuildPhase;
			buildActionMask = 2147483647;
			files = (
				4C36A2DC266EBAB5009BA9EF /* Montserrat-Light.ttf in Resources */,
				4C5B3A8D25B0E452007A8C50 /* Preview Assets.xcassets in Resources */,
				4C36A2D7266EBAB5009BA9EF /* Montserrat-Black.ttf in Resources */,
				4C36A2DA266EBAB5009BA9EF /* Montserrat-ExtraLightItalic.ttf in Resources */,
				4C36A2D4266EBAB5009BA9EF /* Montserrat-BlackItalic.ttf in Resources */,
				4C36A2E1266EBAB5009BA9EF /* Montserrat-ExtraBold.ttf in Resources */,
				4C5B3A8A25B0E452007A8C50 /* Assets.xcassets in Resources */,
				4C36A2D1266EBAB5009BA9EF /* Montserrat-SemiBoldItalic.ttf in Resources */,
				4C36A2E2266EBAB5009BA9EF /* Montserrat-LightItalic.ttf in Resources */,
				4C36A2E0266EBAB5009BA9EF /* Montserrat-Regular.ttf in Resources */,
				4C36A2D8266EBAB5009BA9EF /* Montserrat-ExtraLight.ttf in Resources */,
				4C36A2DB266EBAB5009BA9EF /* Montserrat-BoldItalic.ttf in Resources */,
				4C36A2DD266EBAB5009BA9EF /* Montserrat-MediumItalic.ttf in Resources */,
				4C36A2D3266EBAB5009BA9EF /* Montserrat-Thin.ttf in Resources */,
				4C36A2D5266EBAB5009BA9EF /* LexendDeca-Regular.ttf in Resources */,
				4C36A2DE266EBAB5009BA9EF /* Montserrat-SemiBold.ttf in Resources */,
				4C36A2D9266EBAB5009BA9EF /* Montserrat-ExtraBoldItalic.ttf in Resources */,
				4C36A2DF266EBAB5009BA9EF /* Montserrat-Italic.ttf in Resources */,
				4C36A2D6266EBAB5009BA9EF /* Montserrat-Medium.ttf in Resources */,
				4C36A2E3266EBAB5009BA9EF /* Montserrat-Bold.ttf in Resources */,
				4C36A2D2266EBAB5009BA9EF /* Montserrat-ThinItalic.ttf in Resources */,
			);
			runOnlyForDeploymentPostprocessing = 0;
		};
		4C5B3A9125B0E452007A8C50 /* Resources */ = {
			isa = PBXResourcesBuildPhase;
			buildActionMask = 2147483647;
			files = (
			);
			runOnlyForDeploymentPostprocessing = 0;
		};
		4C5B3A9C25B0E452007A8C50 /* Resources */ = {
			isa = PBXResourcesBuildPhase;
			buildActionMask = 2147483647;
			files = (
			);
			runOnlyForDeploymentPostprocessing = 0;
		};
/* End PBXResourcesBuildPhase section */

/* Begin PBXSourcesBuildPhase section */
		4C5B3A7E25B0E451007A8C50 /* Sources */ = {
			isa = PBXSourcesBuildPhase;
			buildActionMask = 2147483647;
			files = (
				4CE334A32609431600D07920 /* AccountView.swift in Sources */,
				4C5B3AC125B14E80007A8C50 /* Constants.swift in Sources */,
				4C36A2F1266ECD5F009BA9EF /* EthnicityView.swift in Sources */,
				4CE3349E26093F3900D07920 /* TodayBlendView.swift in Sources */,
				4C36A2E7266EC549009BA9EF /* RelationshipView.swift in Sources */,
				4C36A2EF266ECB5E009BA9EF /* PoliticsView.swift in Sources */,
				4C36A2E5266EC2FB009BA9EF /* WorkView.swift in Sources */,
				4C65B33B26BF639900F40C22 /* DateProfileView.swift in Sources */,
				4CB2C1BB26BB192300045851 /* MatchUser.swift in Sources */,
				4C93F237267BD04C0014E483 /* HelpCenterView.swift in Sources */,
				4C529F34262E01E2006511C6 /* ImagePicker.swift in Sources */,
				4C28F40526C0482100396369 /* ProfileInfoCards.swift in Sources */,
				4C529F3C262E0594006511C6 /* MorePreferencesView.swift in Sources */,
				4C93F20B2677DDF70014E483 /* EditProfile.swift in Sources */,
				4C36A2F3266ECF32009BA9EF /* VicesView.swift in Sources */,
				4C65B33F26BF6C5000F40C22 /* ChatTextField.swift in Sources */,
				4C93F20F267A73330014E483 /* PhotoView.swift in Sources */,
				4CB3183326AA20CB00E8ADBF /* User.swift in Sources */,
				4CB813762694C9D800189E27 /* ChatRoomView.swift in Sources */,
				4C65B33D26BF677600F40C22 /* SaveConversationButton.swift in Sources */,
				4C28F40926C048F800396369 /* ProfileInterests.swift in Sources */,
				4C4970DF25ED7E3B00D8DC0C /* SignupView.swift in Sources */,
				4C93F233267BCBB20014E483 /* EditPhotos.swift in Sources */,
				4C28F40126C0463E00396369 /* ProfileCoverPhoto.swift in Sources */,
				4C00286125B2BCC700EC7984 /* Modifiers.swift in Sources */,
				4C28F40E26C07FD100396369 /* BirthdayView.swift in Sources */,
				4C28FBD42666CD7D001AF351 /* ProfileView.swift in Sources */,
				4CB3183526AA23A900E8ADBF /* RealmAPI.swift in Sources */,
				4CC1C44925F7EFDE000CBA0E /* KidsrangeView.swift in Sources */,
				4C36A2E9266EC80D009BA9EF /* EducationView.swift in Sources */,
				4C6DBBF326CAF272000561F6 /* EditProfileCell.swift in Sources */,
				4C28F40726C048AB00396369 /* ProfilePhotos.swift in Sources */,
				4CB2C1C326BB1CDB00045851 /* ChatMessage.swift in Sources */,
				4CE334A826094B6100D07920 /* PreferencesView.swift in Sources */,
				4C28F40326C047CA00396369 /* ProfileAbout.swift in Sources */,
				4C93F235267BCBC00014E483 /* EditInterests.swift in Sources */,
				4C06CBF125D1055100AA3EA4 /* WelcomeView.swift in Sources */,
				4CC1C46725F7F040000CBA0E /* HeightView.swift in Sources */,
				4C65B34126BF6E5300F40C22 /* ChatBannerView.swift in Sources */,
				4C65B34326BF6F2200F40C22 /* ChatCellView.swift in Sources */,
				4CC1C44425F7EFC6000CBA0E /* NumberKidsView.swift in Sources */,
				4CC1C46225F7F030000CBA0E /* InterestedView.swift in Sources */,
				4CC1C43A25F7EF9E000CBA0E /* GenderView.swift in Sources */,
				4CC1C42B25F7EF17000CBA0E /* Buttons.swift in Sources */,
				4C93F211267A735C0014E483 /* InterestsView.swift in Sources */,
				4CB813782694CAC000189E27 /* ChatView2.swift in Sources */,
				4CB813742694C54500189E27 /* CommunityView.swift in Sources */,
				4CB2C1BF26BB1C6B00045851 /* Conversation.swift in Sources */,
				4CC1C43025F7EF6E000CBA0E /* NameView.swift in Sources */,
				4C75333426697096000F0BCF /* HorizontalPickerView.swift in Sources */,
				4CC1C45D25F7F01F000CBA0E /* WantKidsView.swift in Sources */,
				4CB2C1C926BD001200045851 /* MyTabView.swift in Sources */,
				4CE6E38725D1DAB700711182 /* Extensions.swift in Sources */,
				4C36A2F72677CE08009BA9EF /* InfoCard.swift in Sources */,
				4C28F40C26C0681A00396369 /* SnapCarousel.swift in Sources */,
				4CCE689326165BF800BD0C48 /* PrefView.swift in Sources */,
				4CE334962609011900D07920 /* ProfileCardView.swift in Sources */,
				4CB2C1BD26BB1AB700045851 /* Photo.swift in Sources */,
				4C8ED44326BE34B900361FF4 /* PhotoCaptureController.swift in Sources */,
				4CC1C43F25F7EFAE000CBA0E /* ParentView.swift in Sources */,
				4CB3182C26AA17A800E8ADBF /* AuthView.swift in Sources */,
				4C5B3A8825B0E451007A8C50 /* InitialView.swift in Sources */,
				4CD1A41026C1A721005B9108 /* EntryTest.swift in Sources */,
				4C36A2EB266EC890009BA9EF /* MobilityView.swift in Sources */,
				4CB2C1B926BB021F00045851 /* AppState.swift in Sources */,
				4CC1C45825F7F011000CBA0E /* AboutView.swift in Sources */,
				4CC1C44E25F7EFEB000CBA0E /* LocationView.swift in Sources */,
				4C36A2ED266ECA2F009BA9EF /* ReligionView.swift in Sources */,
				4CD1A40E26C1A70D005B9108 /* EntryView.swift in Sources */,
				4C5B3A8625B0E451007A8C50 /* BlendateApp.swift in Sources */,
				4C6DBBF126CAE51B000561F6 /* PreferenceCell.swift in Sources */,
				4CC1C45325F7F000000CBA0E /* AddPhotosView.swift in Sources */,
			);
			runOnlyForDeploymentPostprocessing = 0;
		};
		4C5B3A8F25B0E452007A8C50 /* Sources */ = {
			isa = PBXSourcesBuildPhase;
			buildActionMask = 2147483647;
			files = (
				4C5B3A9825B0E452007A8C50 /* BlendateTests.swift in Sources */,
			);
			runOnlyForDeploymentPostprocessing = 0;
		};
		4C5B3A9A25B0E452007A8C50 /* Sources */ = {
			isa = PBXSourcesBuildPhase;
			buildActionMask = 2147483647;
			files = (
				4C5B3AA325B0E452007A8C50 /* BlendateUITests.swift in Sources */,
			);
			runOnlyForDeploymentPostprocessing = 0;
		};
/* End PBXSourcesBuildPhase section */

/* Begin PBXTargetDependency section */
		4C5B3A9525B0E452007A8C50 /* PBXTargetDependency */ = {
			isa = PBXTargetDependency;
			target = 4C5B3A8125B0E451007A8C50 /* Blendate */;
			targetProxy = 4C5B3A9425B0E452007A8C50 /* PBXContainerItemProxy */;
		};
		4C5B3AA025B0E452007A8C50 /* PBXTargetDependency */ = {
			isa = PBXTargetDependency;
			target = 4C5B3A8125B0E451007A8C50 /* Blendate */;
			targetProxy = 4C5B3A9F25B0E452007A8C50 /* PBXContainerItemProxy */;
		};
/* End PBXTargetDependency section */

/* Begin XCBuildConfiguration section */
		4C5B3AA525B0E452007A8C50 /* Debug */ = {
			isa = XCBuildConfiguration;
			buildSettings = {
				ALWAYS_SEARCH_USER_PATHS = NO;
				CLANG_ANALYZER_NONNULL = YES;
				CLANG_ANALYZER_NUMBER_OBJECT_CONVERSION = YES_AGGRESSIVE;
				CLANG_CXX_LANGUAGE_STANDARD = "gnu++14";
				CLANG_CXX_LIBRARY = "libc++";
				CLANG_ENABLE_MODULES = YES;
				CLANG_ENABLE_OBJC_ARC = YES;
				CLANG_ENABLE_OBJC_WEAK = YES;
				CLANG_WARN_BLOCK_CAPTURE_AUTORELEASING = YES;
				CLANG_WARN_BOOL_CONVERSION = YES;
				CLANG_WARN_COMMA = YES;
				CLANG_WARN_CONSTANT_CONVERSION = YES;
				CLANG_WARN_DEPRECATED_OBJC_IMPLEMENTATIONS = YES;
				CLANG_WARN_DIRECT_OBJC_ISA_USAGE = YES_ERROR;
				CLANG_WARN_DOCUMENTATION_COMMENTS = YES;
				CLANG_WARN_EMPTY_BODY = YES;
				CLANG_WARN_ENUM_CONVERSION = YES;
				CLANG_WARN_INFINITE_RECURSION = YES;
				CLANG_WARN_INT_CONVERSION = YES;
				CLANG_WARN_NON_LITERAL_NULL_CONVERSION = YES;
				CLANG_WARN_OBJC_IMPLICIT_RETAIN_SELF = YES;
				CLANG_WARN_OBJC_LITERAL_CONVERSION = YES;
				CLANG_WARN_OBJC_ROOT_CLASS = YES_ERROR;
				CLANG_WARN_QUOTED_INCLUDE_IN_FRAMEWORK_HEADER = YES;
				CLANG_WARN_RANGE_LOOP_ANALYSIS = YES;
				CLANG_WARN_STRICT_PROTOTYPES = YES;
				CLANG_WARN_SUSPICIOUS_MOVE = YES;
				CLANG_WARN_UNGUARDED_AVAILABILITY = YES_AGGRESSIVE;
				CLANG_WARN_UNREACHABLE_CODE = YES;
				CLANG_WARN__DUPLICATE_METHOD_MATCH = YES;
				COPY_PHASE_STRIP = NO;
				DEBUG_INFORMATION_FORMAT = dwarf;
				ENABLE_STRICT_OBJC_MSGSEND = YES;
				ENABLE_TESTABILITY = YES;
				GCC_C_LANGUAGE_STANDARD = gnu11;
				GCC_DYNAMIC_NO_PIC = NO;
				GCC_NO_COMMON_BLOCKS = YES;
				GCC_OPTIMIZATION_LEVEL = 0;
				GCC_PREPROCESSOR_DEFINITIONS = (
					"DEBUG=1",
					"$(inherited)",
				);
				GCC_WARN_64_TO_32_BIT_CONVERSION = YES;
				GCC_WARN_ABOUT_RETURN_TYPE = YES_ERROR;
				GCC_WARN_UNDECLARED_SELECTOR = YES;
				GCC_WARN_UNINITIALIZED_AUTOS = YES_AGGRESSIVE;
				GCC_WARN_UNUSED_FUNCTION = YES;
				GCC_WARN_UNUSED_VARIABLE = YES;
				IPHONEOS_DEPLOYMENT_TARGET = 14.3;
				MTL_ENABLE_DEBUG_INFO = INCLUDE_SOURCE;
				MTL_FAST_MATH = YES;
				ONLY_ACTIVE_ARCH = YES;
				SDKROOT = iphoneos;
				SWIFT_ACTIVE_COMPILATION_CONDITIONS = DEBUG;
				SWIFT_OPTIMIZATION_LEVEL = "-Onone";
			};
			name = Debug;
		};
		4C5B3AA625B0E452007A8C50 /* Release */ = {
			isa = XCBuildConfiguration;
			buildSettings = {
				ALWAYS_SEARCH_USER_PATHS = NO;
				CLANG_ANALYZER_NONNULL = YES;
				CLANG_ANALYZER_NUMBER_OBJECT_CONVERSION = YES_AGGRESSIVE;
				CLANG_CXX_LANGUAGE_STANDARD = "gnu++14";
				CLANG_CXX_LIBRARY = "libc++";
				CLANG_ENABLE_MODULES = YES;
				CLANG_ENABLE_OBJC_ARC = YES;
				CLANG_ENABLE_OBJC_WEAK = YES;
				CLANG_WARN_BLOCK_CAPTURE_AUTORELEASING = YES;
				CLANG_WARN_BOOL_CONVERSION = YES;
				CLANG_WARN_COMMA = YES;
				CLANG_WARN_CONSTANT_CONVERSION = YES;
				CLANG_WARN_DEPRECATED_OBJC_IMPLEMENTATIONS = YES;
				CLANG_WARN_DIRECT_OBJC_ISA_USAGE = YES_ERROR;
				CLANG_WARN_DOCUMENTATION_COMMENTS = YES;
				CLANG_WARN_EMPTY_BODY = YES;
				CLANG_WARN_ENUM_CONVERSION = YES;
				CLANG_WARN_INFINITE_RECURSION = YES;
				CLANG_WARN_INT_CONVERSION = YES;
				CLANG_WARN_NON_LITERAL_NULL_CONVERSION = YES;
				CLANG_WARN_OBJC_IMPLICIT_RETAIN_SELF = YES;
				CLANG_WARN_OBJC_LITERAL_CONVERSION = YES;
				CLANG_WARN_OBJC_ROOT_CLASS = YES_ERROR;
				CLANG_WARN_QUOTED_INCLUDE_IN_FRAMEWORK_HEADER = YES;
				CLANG_WARN_RANGE_LOOP_ANALYSIS = YES;
				CLANG_WARN_STRICT_PROTOTYPES = YES;
				CLANG_WARN_SUSPICIOUS_MOVE = YES;
				CLANG_WARN_UNGUARDED_AVAILABILITY = YES_AGGRESSIVE;
				CLANG_WARN_UNREACHABLE_CODE = YES;
				CLANG_WARN__DUPLICATE_METHOD_MATCH = YES;
				COPY_PHASE_STRIP = NO;
				DEBUG_INFORMATION_FORMAT = "dwarf-with-dsym";
				ENABLE_NS_ASSERTIONS = NO;
				ENABLE_STRICT_OBJC_MSGSEND = YES;
				GCC_C_LANGUAGE_STANDARD = gnu11;
				GCC_NO_COMMON_BLOCKS = YES;
				GCC_WARN_64_TO_32_BIT_CONVERSION = YES;
				GCC_WARN_ABOUT_RETURN_TYPE = YES_ERROR;
				GCC_WARN_UNDECLARED_SELECTOR = YES;
				GCC_WARN_UNINITIALIZED_AUTOS = YES_AGGRESSIVE;
				GCC_WARN_UNUSED_FUNCTION = YES;
				GCC_WARN_UNUSED_VARIABLE = YES;
				IPHONEOS_DEPLOYMENT_TARGET = 14.3;
				MTL_ENABLE_DEBUG_INFO = NO;
				MTL_FAST_MATH = YES;
				SDKROOT = iphoneos;
				SWIFT_COMPILATION_MODE = wholemodule;
				SWIFT_OPTIMIZATION_LEVEL = "-O";
				VALIDATE_PRODUCT = YES;
			};
			name = Release;
		};
		4C5B3AA825B0E452007A8C50 /* Debug */ = {
			isa = XCBuildConfiguration;
			buildSettings = {
				ASSETCATALOG_COMPILER_APPICON_NAME = AppIcon;
				ASSETCATALOG_COMPILER_GLOBAL_ACCENT_COLOR_NAME = AccentColor;
				CODE_SIGN_STYLE = Automatic;
				CURRENT_PROJECT_VERSION = 12;
				DEVELOPMENT_ASSET_PATHS = "\"Blendate/Preview Content\"";
				DEVELOPMENT_TEAM = QLFXX64RR2;
				ENABLE_PREVIEWS = YES;
				INFOPLIST_FILE = Blendate/Info.plist;
				IPHONEOS_DEPLOYMENT_TARGET = 14.0;
				LD_RUNPATH_SEARCH_PATHS = (
					"$(inherited)",
					"@executable_path/Frameworks",
				);
				PRODUCT_BUNDLE_IDENTIFIER = com.blendate.blendate;
				PRODUCT_NAME = "$(TARGET_NAME)";
				SWIFT_VERSION = 5.0;
				TARGETED_DEVICE_FAMILY = 1;
			};
			name = Debug;
		};
		4C5B3AA925B0E452007A8C50 /* Release */ = {
			isa = XCBuildConfiguration;
			buildSettings = {
				ASSETCATALOG_COMPILER_APPICON_NAME = AppIcon;
				ASSETCATALOG_COMPILER_GLOBAL_ACCENT_COLOR_NAME = AccentColor;
				CODE_SIGN_STYLE = Automatic;
				CURRENT_PROJECT_VERSION = 12;
				DEVELOPMENT_ASSET_PATHS = "\"Blendate/Preview Content\"";
				DEVELOPMENT_TEAM = QLFXX64RR2;
				ENABLE_PREVIEWS = YES;
				INFOPLIST_FILE = Blendate/Info.plist;
				IPHONEOS_DEPLOYMENT_TARGET = 14.0;
				LD_RUNPATH_SEARCH_PATHS = (
					"$(inherited)",
					"@executable_path/Frameworks",
				);
				PRODUCT_BUNDLE_IDENTIFIER = com.blendate.blendate;
				PRODUCT_NAME = "$(TARGET_NAME)";
				SWIFT_VERSION = 5.0;
				TARGETED_DEVICE_FAMILY = 1;
			};
			name = Release;
		};
		4C5B3AAB25B0E452007A8C50 /* Debug */ = {
			isa = XCBuildConfiguration;
			buildSettings = {
				ALWAYS_EMBED_SWIFT_STANDARD_LIBRARIES = YES;
				BUNDLE_LOADER = "$(TEST_HOST)";
				CODE_SIGN_STYLE = Automatic;
				DEVELOPMENT_TEAM = QLFXX64RR2;
				INFOPLIST_FILE = BlendateTests/Info.plist;
				IPHONEOS_DEPLOYMENT_TARGET = 14.0;
				LD_RUNPATH_SEARCH_PATHS = (
					"$(inherited)",
					"@executable_path/Frameworks",
					"@loader_path/Frameworks",
				);
				PRODUCT_BUNDLE_IDENTIFIER = com.blendate.blendateTests;
				PRODUCT_NAME = "$(TARGET_NAME)";
				SWIFT_VERSION = 5.0;
				TARGETED_DEVICE_FAMILY = "1,2";
				TEST_HOST = "$(BUILT_PRODUCTS_DIR)/Blendate.app/Blendate";
			};
			name = Debug;
		};
		4C5B3AAC25B0E452007A8C50 /* Release */ = {
			isa = XCBuildConfiguration;
			buildSettings = {
				ALWAYS_EMBED_SWIFT_STANDARD_LIBRARIES = YES;
				BUNDLE_LOADER = "$(TEST_HOST)";
				CODE_SIGN_STYLE = Automatic;
				DEVELOPMENT_TEAM = QLFXX64RR2;
				INFOPLIST_FILE = BlendateTests/Info.plist;
				IPHONEOS_DEPLOYMENT_TARGET = 14.0;
				LD_RUNPATH_SEARCH_PATHS = (
					"$(inherited)",
					"@executable_path/Frameworks",
					"@loader_path/Frameworks",
				);
				PRODUCT_BUNDLE_IDENTIFIER = com.blendate.blendateTests;
				PRODUCT_NAME = "$(TARGET_NAME)";
				SWIFT_VERSION = 5.0;
				TARGETED_DEVICE_FAMILY = "1,2";
				TEST_HOST = "$(BUILT_PRODUCTS_DIR)/Blendate.app/Blendate";
			};
			name = Release;
		};
		4C5B3AAE25B0E452007A8C50 /* Debug */ = {
			isa = XCBuildConfiguration;
			buildSettings = {
				ALWAYS_EMBED_SWIFT_STANDARD_LIBRARIES = YES;
				CODE_SIGN_STYLE = Automatic;
				DEVELOPMENT_TEAM = QLFXX64RR2;
				INFOPLIST_FILE = BlendateUITests/Info.plist;
				LD_RUNPATH_SEARCH_PATHS = (
					"$(inherited)",
					"@executable_path/Frameworks",
					"@loader_path/Frameworks",
				);
				PRODUCT_BUNDLE_IDENTIFIER = com.blendate.blendateUITests;
				PRODUCT_NAME = "$(TARGET_NAME)";
				SWIFT_VERSION = 5.0;
				TARGETED_DEVICE_FAMILY = "1,2";
				TEST_TARGET_NAME = Blendate;
			};
			name = Debug;
		};
		4C5B3AAF25B0E452007A8C50 /* Release */ = {
			isa = XCBuildConfiguration;
			buildSettings = {
				ALWAYS_EMBED_SWIFT_STANDARD_LIBRARIES = YES;
				CODE_SIGN_STYLE = Automatic;
				DEVELOPMENT_TEAM = QLFXX64RR2;
				INFOPLIST_FILE = BlendateUITests/Info.plist;
				LD_RUNPATH_SEARCH_PATHS = (
					"$(inherited)",
					"@executable_path/Frameworks",
					"@loader_path/Frameworks",
				);
				PRODUCT_BUNDLE_IDENTIFIER = com.blendate.blendateUITests;
				PRODUCT_NAME = "$(TARGET_NAME)";
				SWIFT_VERSION = 5.0;
				TARGETED_DEVICE_FAMILY = "1,2";
				TEST_TARGET_NAME = Blendate;
			};
			name = Release;
		};
/* End XCBuildConfiguration section */

/* Begin XCConfigurationList section */
		4C5B3A7D25B0E451007A8C50 /* Build configuration list for PBXProject "Blendate" */ = {
			isa = XCConfigurationList;
			buildConfigurations = (
				4C5B3AA525B0E452007A8C50 /* Debug */,
				4C5B3AA625B0E452007A8C50 /* Release */,
			);
			defaultConfigurationIsVisible = 0;
			defaultConfigurationName = Release;
		};
		4C5B3AA725B0E452007A8C50 /* Build configuration list for PBXNativeTarget "Blendate" */ = {
			isa = XCConfigurationList;
			buildConfigurations = (
				4C5B3AA825B0E452007A8C50 /* Debug */,
				4C5B3AA925B0E452007A8C50 /* Release */,
			);
			defaultConfigurationIsVisible = 0;
			defaultConfigurationName = Release;
		};
		4C5B3AAA25B0E452007A8C50 /* Build configuration list for PBXNativeTarget "BlendateTests" */ = {
			isa = XCConfigurationList;
			buildConfigurations = (
				4C5B3AAB25B0E452007A8C50 /* Debug */,
				4C5B3AAC25B0E452007A8C50 /* Release */,
			);
			defaultConfigurationIsVisible = 0;
			defaultConfigurationName = Release;
		};
		4C5B3AAD25B0E452007A8C50 /* Build configuration list for PBXNativeTarget "BlendateUITests" */ = {
			isa = XCConfigurationList;
			buildConfigurations = (
				4C5B3AAE25B0E452007A8C50 /* Debug */,
				4C5B3AAF25B0E452007A8C50 /* Release */,
			);
			defaultConfigurationIsVisible = 0;
			defaultConfigurationName = Release;
		};
/* End XCConfigurationList section */

/* Begin XCRemoteSwiftPackageReference section */
		4CB3182D26AA1F3B00E8ADBF /* XCRemoteSwiftPackageReference "realm-cocoa" */ = {
			isa = XCRemoteSwiftPackageReference;
			repositoryURL = "https://github.com/realm/realm-cocoa.git";
			requirement = {
				kind = upToNextMajorVersion;
				minimumVersion = 10.10.0;
			};
		};
/* End XCRemoteSwiftPackageReference section */

/* Begin XCSwiftPackageProductDependency section */
		4CB3182E26AA1F3B00E8ADBF /* Realm */ = {
			isa = XCSwiftPackageProductDependency;
			package = 4CB3182D26AA1F3B00E8ADBF /* XCRemoteSwiftPackageReference "realm-cocoa" */;
			productName = Realm;
		};
		4CB3183026AA1F3B00E8ADBF /* RealmSwift */ = {
			isa = XCSwiftPackageProductDependency;
			package = 4CB3182D26AA1F3B00E8ADBF /* XCRemoteSwiftPackageReference "realm-cocoa" */;
			productName = RealmSwift;
		};
/* End XCSwiftPackageProductDependency section */
	};
	rootObject = 4C5B3A7A25B0E451007A8C50 /* Project object */;
}
