// !$*UTF8*$!
{
	archiveVersion = 1;
	classes = {
	};
	objectVersion = 55;
	objects = {

/* Begin PBXBuildFile section */
		4C02578527F774FA00844565 /* LoadingView.swift in Sources */ = {isa = PBXBuildFile; fileRef = 4C02578427F774FA00844565 /* LoadingView.swift */; };
		4C02578927F7766400844565 /* SessionViewModel.swift in Sources */ = {isa = PBXBuildFile; fileRef = 4C02578827F7766400844565 /* SessionViewModel.swift */; };
		4C02579127F77ECA00844565 /* TabItem.swift in Sources */ = {isa = PBXBuildFile; fileRef = 4C02579027F77ECA00844565 /* TabItem.swift */; };
		4C02579427F7819200844565 /* Detail.swift in Sources */ = {isa = PBXBuildFile; fileRef = 4C02579327F7819200844565 /* Detail.swift */; };
		4C02579627F78FAB00844565 /* LaunchScreen.storyboard in Resources */ = {isa = PBXBuildFile; fileRef = 4C02579527F78FAB00844565 /* LaunchScreen.storyboard */; };
		4C0ADCE327E7C8980054EDE5 /* EmailSigninView.swift in Sources */ = {isa = PBXBuildFile; fileRef = 4C0ADCE227E7C8980054EDE5 /* EmailSigninView.swift */; };
		4C0D18A027BD97C4008DBB0C /* Pods_Blendate.framework in Frameworks */ = {isa = PBXBuildFile; fileRef = F88E51FDA8669AAEEF61164B /* Pods_Blendate.framework */; };
		4C0E9480278BF11F00740252 /* UserDetails.swift in Sources */ = {isa = PBXBuildFile; fileRef = 4C0E947F278BF11F00740252 /* UserDetails.swift */; };
		4C0E948B278CE32A00740252 /* LocalService.swift in Sources */ = {isa = PBXBuildFile; fileRef = 4C0E948A278CE32A00740252 /* LocalService.swift */; };
		4C10728427F504DB004E525E /* MatchProfileView.swift in Sources */ = {isa = PBXBuildFile; fileRef = 4C10728327F504DB004E525E /* MatchProfileView.swift */; };
		4C10728627F5099E004E525E /* ProfileButtons.swift in Sources */ = {isa = PBXBuildFile; fileRef = 4C10728527F5099E004E525E /* ProfileButtons.swift */; };
		4C16AD502799EFE400779502 /* MatchedView.swift in Sources */ = {isa = PBXBuildFile; fileRef = 4C16AD4F2799EFE400779502 /* MatchedView.swift */; };
		4C16AD5A279A92E400779502 /* UserSettings.swift in Sources */ = {isa = PBXBuildFile; fileRef = 4C16AD59279A92E400779502 /* UserSettings.swift */; };
		4C16AD5C279A92F900779502 /* Filters.swift in Sources */ = {isa = PBXBuildFile; fileRef = 4C16AD5B279A92F900779502 /* Filters.swift */; };
		4C16AD60279A97AE00779502 /* MyDefaults.swift in Sources */ = {isa = PBXBuildFile; fileRef = 4C16AD5F279A97AE00779502 /* MyDefaults.swift */; };
		4C16AD66279B518D00779502 /* PhotoViewModel.swift in Sources */ = {isa = PBXBuildFile; fileRef = 4C16AD65279B518D00779502 /* PhotoViewModel.swift */; };
		4C210AA727B6EFF500EE379E /* MatchesView.swift in Sources */ = {isa = PBXBuildFile; fileRef = 4C210AA627B6EFF500EE379E /* MatchesView.swift */; };
		4C210AA927B6F00500EE379E /* ConversationsView.swift in Sources */ = {isa = PBXBuildFile; fileRef = 4C210AA827B6F00500EE379E /* ConversationsView.swift */; };
		4C210AAD27B84AE100EE379E /* UserService.swift in Sources */ = {isa = PBXBuildFile; fileRef = 4C210AAC27B84AE100EE379E /* UserService.swift */; };
		4C210AAF27B84F5000EE379E /* FirebaseService.swift in Sources */ = {isa = PBXBuildFile; fileRef = 4C210AAE27B84F5000EE379E /* FirebaseService.swift */; };
		4C3547532804CDEE00B0888A /* ChatBubbleView.swift in Sources */ = {isa = PBXBuildFile; fileRef = 4C3547522804CDEE00B0888A /* ChatBubbleView.swift */; };
		4C3547552804CE0C00B0888A /* ChatTextField.swift in Sources */ = {isa = PBXBuildFile; fileRef = 4C3547542804CE0C00B0888A /* ChatTextField.swift */; };
		4C47045027F41B9A007517D9 /* SettingsView.swift in Sources */ = {isa = PBXBuildFile; fileRef = 4C47044F27F41B99007517D9 /* SettingsView.swift */; };
		4C47045427F432D9007517D9 /* RangeSliderView.swift in Sources */ = {isa = PBXBuildFile; fileRef = 4C47045327F432D9007517D9 /* RangeSliderView.swift */; };
		4C521A4E27BDA9AE00674C62 /* GoogleService-Info.plist in Resources */ = {isa = PBXBuildFile; fileRef = 4C521A4D27BDA9AE00674C62 /* GoogleService-Info.plist */; };
		4C521A5027BDD3F200674C62 /* TagCloudView.swift in Sources */ = {isa = PBXBuildFile; fileRef = 4C521A4F27BDD3F100674C62 /* TagCloudView.swift */; };
		4C78847128188CA500B643C2 /* AsyncButton.swift in Sources */ = {isa = PBXBuildFile; fileRef = 4C78847028188CA500B643C2 /* AsyncButton.swift */; };
		4C788473281890E600B643C2 /* Array.swift in Sources */ = {isa = PBXBuildFile; fileRef = 4C788472281890E600B643C2 /* Array.swift */; };
		4C7884752818910E00B643C2 /* SeperatorView.swift in Sources */ = {isa = PBXBuildFile; fileRef = 4C7884742818910E00B643C2 /* SeperatorView.swift */; };
		4C788477281895AD00B643C2 /* CapsuleButton.swift in Sources */ = {isa = PBXBuildFile; fileRef = 4C788476281895AD00B643C2 /* CapsuleButton.swift */; };
		4C788479281895F900B643C2 /* ToolBarItem.swift in Sources */ = {isa = PBXBuildFile; fileRef = 4C788478281895F900B643C2 /* ToolBarItem.swift */; };
		4C78847B28189F4E00B643C2 /* Button.swift in Sources */ = {isa = PBXBuildFile; fileRef = 4C78847A28189F4E00B643C2 /* Button.swift */; };
		4C78847D2818A03000B643C2 /* Image.swift in Sources */ = {isa = PBXBuildFile; fileRef = 4C78847C2818A03000B643C2 /* Image.swift */; };
		4C7C21F527E8EDAB00997B17 /* AppDelegate+Notifications.swift in Sources */ = {isa = PBXBuildFile; fileRef = 4C7C21F427E8EDAB00997B17 /* AppDelegate+Notifications.swift */; };
		4C7C21F927E8F90100997B17 /* DeveloperPrview+Users.swift in Sources */ = {isa = PBXBuildFile; fileRef = 4C7C21F827E8F90100997B17 /* DeveloperPrview+Users.swift */; };
		4C7C21FD27E8FDAA00997B17 /* OptionGridView.swift in Sources */ = {isa = PBXBuildFile; fileRef = 4C7C21FC27E8FDAA00997B17 /* OptionGridView.swift */; };
		4C80024F27609E7E00F9410A /* EditDetailsView.swift in Sources */ = {isa = PBXBuildFile; fileRef = 4C80024C27609E7E00F9410A /* EditDetailsView.swift */; };
		4C80025727609E9800F9410A /* FiltersView.swift in Sources */ = {isa = PBXBuildFile; fileRef = 4C80025327609E9800F9410A /* FiltersView.swift */; };
		4C80025927609E9800F9410A /* HelpCenterView.swift in Sources */ = {isa = PBXBuildFile; fileRef = 4C80025527609E9800F9410A /* HelpCenterView.swift */; };
		4C80025F2762A00900F9410A /* HeightView.swift in Sources */ = {isa = PBXBuildFile; fileRef = 4C80025E2762A00900F9410A /* HeightView.swift */; };
		4C8002622762B48700F9410A /* MessagesView.swift in Sources */ = {isa = PBXBuildFile; fileRef = 4C8002612762B48700F9410A /* MessagesView.swift */; };
		4C8002642762B5E200F9410A /* Conversation.swift in Sources */ = {isa = PBXBuildFile; fileRef = 4C8002632762B5E200F9410A /* Conversation.swift */; };
		4C8002662762B6E700F9410A /* ChatView.swift in Sources */ = {isa = PBXBuildFile; fileRef = 4C8002652762B6E700F9410A /* ChatView.swift */; };
		4C8059A627601ED900D85D14 /* BlendateApp.swift in Sources */ = {isa = PBXBuildFile; fileRef = 4C8059A527601ED900D85D14 /* BlendateApp.swift */; };
		4C8059AA27601ED900D85D14 /* Assets.xcassets in Resources */ = {isa = PBXBuildFile; fileRef = 4C8059A927601ED900D85D14 /* Assets.xcassets */; };
		4C8059AD27601ED900D85D14 /* Preview Assets.xcassets in Resources */ = {isa = PBXBuildFile; fileRef = 4C8059AC27601ED900D85D14 /* Preview Assets.xcassets */; };
		4C8059D227602BD100D85D14 /* User.swift in Sources */ = {isa = PBXBuildFile; fileRef = 4C8059D127602BD100D85D14 /* User.swift */; };
		4C8059D627603AF600D85D14 /* SessionView.swift in Sources */ = {isa = PBXBuildFile; fileRef = 4C8059D527603AF600D85D14 /* SessionView.swift */; };
		4C8059DC27603B5000D85D14 /* TodayView.swift in Sources */ = {isa = PBXBuildFile; fileRef = 4C8059DB27603B5000D85D14 /* TodayView.swift */; };
		4C8059E227603C3200D85D14 /* WelcomeView.swift in Sources */ = {isa = PBXBuildFile; fileRef = 4C8059E127603C3200D85D14 /* WelcomeView.swift */; };
		4C8059E627603ECA00D85D14 /* Modifiers.swift in Sources */ = {isa = PBXBuildFile; fileRef = 4C8059E527603ECA00D85D14 /* Modifiers.swift */; };
		4C805A442760420D00D85D14 /* NameView.swift in Sources */ = {isa = PBXBuildFile; fileRef = 4C805A022760420D00D85D14 /* NameView.swift */; };
		4C805A472760420D00D85D14 /* SignupView.swift in Sources */ = {isa = PBXBuildFile; fileRef = 4C805A032760420D00D85D14 /* SignupView.swift */; };
		4C805A4E2760437E00D85D14 /* Colors.swift in Sources */ = {isa = PBXBuildFile; fileRef = 4C805A4D2760437E00D85D14 /* Colors.swift */; };
		4C805A5527604D6000D85D14 /* GenderView.swift in Sources */ = {isa = PBXBuildFile; fileRef = 4C805A5427604D6000D85D14 /* GenderView.swift */; };
		4C805A5727604DB200D85D14 /* ParentView.swift in Sources */ = {isa = PBXBuildFile; fileRef = 4C805A5627604DB200D85D14 /* ParentView.swift */; };
		4C805A5927604EC600D85D14 /* NumberKidsView.swift in Sources */ = {isa = PBXBuildFile; fileRef = 4C805A5827604EC600D85D14 /* NumberKidsView.swift */; };
		4C805A5B27604ECE00D85D14 /* KidsrangeView.swift in Sources */ = {isa = PBXBuildFile; fileRef = 4C805A5A27604ECE00D85D14 /* KidsrangeView.swift */; };
		4C805A5D27604ED300D85D14 /* LocationView.swift in Sources */ = {isa = PBXBuildFile; fileRef = 4C805A5C27604ED300D85D14 /* LocationView.swift */; };
		4C805A632760562B00D85D14 /* AboutView.swift in Sources */ = {isa = PBXBuildFile; fileRef = 4C805A622760562B00D85D14 /* AboutView.swift */; };
		4C805A662760569300D85D14 /* AddPhotosView.swift in Sources */ = {isa = PBXBuildFile; fileRef = 4C805A642760569300D85D14 /* AddPhotosView.swift */; };
		4C805A672760569300D85D14 /* MorePreferencesView.swift in Sources */ = {isa = PBXBuildFile; fileRef = 4C805A652760569300D85D14 /* MorePreferencesView.swift */; };
		4C805A6E27605BFE00D85D14 /* ProfileView.swift in Sources */ = {isa = PBXBuildFile; fileRef = 4C805A6D27605BFE00D85D14 /* ProfileView.swift */; };
		4C805A7027605D3F00D85D14 /* ProfileCardView.swift in Sources */ = {isa = PBXBuildFile; fileRef = 4C805A6F27605D3F00D85D14 /* ProfileCardView.swift */; };
		4C805A7B27605DAA00D85D14 /* InfoCard.swift in Sources */ = {isa = PBXBuildFile; fileRef = 4C805A7427605DAA00D85D14 /* InfoCard.swift */; };
		4C805A8127605F2C00D85D14 /* PhotoView.swift in Sources */ = {isa = PBXBuildFile; fileRef = 4C805A8027605F2C00D85D14 /* PhotoView.swift */; };
		4C805A832760626900D85D14 /* InterestsView.swift in Sources */ = {isa = PBXBuildFile; fileRef = 4C805A822760626900D85D14 /* InterestsView.swift */; };
		4C82C4C52763226C008F3E59 /* Montserrat-LightItalic.ttf in Resources */ = {isa = PBXBuildFile; fileRef = 4C82C4B22763226C008F3E59 /* Montserrat-LightItalic.ttf */; };
		4C82C4C62763226C008F3E59 /* Montserrat-Medium.ttf in Resources */ = {isa = PBXBuildFile; fileRef = 4C82C4B32763226C008F3E59 /* Montserrat-Medium.ttf */; };
		4C82C4C72763226C008F3E59 /* Montserrat-BoldItalic.ttf in Resources */ = {isa = PBXBuildFile; fileRef = 4C82C4B42763226C008F3E59 /* Montserrat-BoldItalic.ttf */; };
		4C82C4C82763226C008F3E59 /* Montserrat-Light.ttf in Resources */ = {isa = PBXBuildFile; fileRef = 4C82C4B52763226C008F3E59 /* Montserrat-Light.ttf */; };
		4C82C4C92763226C008F3E59 /* Montserrat-ThinItalic.ttf in Resources */ = {isa = PBXBuildFile; fileRef = 4C82C4B62763226C008F3E59 /* Montserrat-ThinItalic.ttf */; };
		4C82C4CA2763226C008F3E59 /* Montserrat-ExtraLight.ttf in Resources */ = {isa = PBXBuildFile; fileRef = 4C82C4B72763226C008F3E59 /* Montserrat-ExtraLight.ttf */; };
		4C82C4CB2763226C008F3E59 /* Montserrat-Thin.ttf in Resources */ = {isa = PBXBuildFile; fileRef = 4C82C4B82763226C008F3E59 /* Montserrat-Thin.ttf */; };
		4C82C4CC2763226C008F3E59 /* Montserrat-Bold.ttf in Resources */ = {isa = PBXBuildFile; fileRef = 4C82C4B92763226C008F3E59 /* Montserrat-Bold.ttf */; };
		4C82C4CD2763226C008F3E59 /* Montserrat-MediumItalic.ttf in Resources */ = {isa = PBXBuildFile; fileRef = 4C82C4BA2763226C008F3E59 /* Montserrat-MediumItalic.ttf */; };
		4C82C4CE2763226C008F3E59 /* Montserrat-BlackItalic.ttf in Resources */ = {isa = PBXBuildFile; fileRef = 4C82C4BB2763226C008F3E59 /* Montserrat-BlackItalic.ttf */; };
		4C82C4CF2763226C008F3E59 /* Montserrat-SemiBold.ttf in Resources */ = {isa = PBXBuildFile; fileRef = 4C82C4BC2763226C008F3E59 /* Montserrat-SemiBold.ttf */; };
		4C82C4D02763226C008F3E59 /* LexendDeca-Regular.ttf in Resources */ = {isa = PBXBuildFile; fileRef = 4C82C4BD2763226C008F3E59 /* LexendDeca-Regular.ttf */; };
		4C82C4D12763226C008F3E59 /* Montserrat-ExtraLightItalic.ttf in Resources */ = {isa = PBXBuildFile; fileRef = 4C82C4BE2763226C008F3E59 /* Montserrat-ExtraLightItalic.ttf */; };
		4C82C4D22763226C008F3E59 /* Montserrat-ExtraBold.ttf in Resources */ = {isa = PBXBuildFile; fileRef = 4C82C4BF2763226C008F3E59 /* Montserrat-ExtraBold.ttf */; };
		4C82C4D32763226C008F3E59 /* Montserrat-Black.ttf in Resources */ = {isa = PBXBuildFile; fileRef = 4C82C4C02763226C008F3E59 /* Montserrat-Black.ttf */; };
		4C82C4D42763226C008F3E59 /* Montserrat-Regular.ttf in Resources */ = {isa = PBXBuildFile; fileRef = 4C82C4C12763226C008F3E59 /* Montserrat-Regular.ttf */; };
		4C82C4D52763226C008F3E59 /* Montserrat-Italic.ttf in Resources */ = {isa = PBXBuildFile; fileRef = 4C82C4C22763226C008F3E59 /* Montserrat-Italic.ttf */; };
		4C82C4D62763226C008F3E59 /* Montserrat-SemiBoldItalic.ttf in Resources */ = {isa = PBXBuildFile; fileRef = 4C82C4C32763226C008F3E59 /* Montserrat-SemiBoldItalic.ttf */; };
		4C82C4D72763226C008F3E59 /* Montserrat-ExtraBoldItalic.ttf in Resources */ = {isa = PBXBuildFile; fileRef = 4C82C4C42763226C008F3E59 /* Montserrat-ExtraBoldItalic.ttf */; };
		4C82C4E427633788008F3E59 /* WantKidsView.swift in Sources */ = {isa = PBXBuildFile; fileRef = 4C82C4DA27633788008F3E59 /* WantKidsView.swift */; };
		4C82C4E527633788008F3E59 /* PoliticsView.swift in Sources */ = {isa = PBXBuildFile; fileRef = 4C82C4DB27633788008F3E59 /* PoliticsView.swift */; };
		4C82C4E627633788008F3E59 /* MobilityView.swift in Sources */ = {isa = PBXBuildFile; fileRef = 4C82C4DC27633788008F3E59 /* MobilityView.swift */; };
		4C82C4E727633788008F3E59 /* EthnicityView.swift in Sources */ = {isa = PBXBuildFile; fileRef = 4C82C4DD27633788008F3E59 /* EthnicityView.swift */; };
		4C82C4E827633788008F3E59 /* RelationshipView.swift in Sources */ = {isa = PBXBuildFile; fileRef = 4C82C4DE27633788008F3E59 /* RelationshipView.swift */; };
		4C82C4E927633788008F3E59 /* ReligionView.swift in Sources */ = {isa = PBXBuildFile; fileRef = 4C82C4DF27633788008F3E59 /* ReligionView.swift */; };
		4C82C4EA27633788008F3E59 /* VicesView.swift in Sources */ = {isa = PBXBuildFile; fileRef = 4C82C4E027633788008F3E59 /* VicesView.swift */; };
		4C82C4EB27633788008F3E59 /* WorkView.swift in Sources */ = {isa = PBXBuildFile; fileRef = 4C82C4E127633788008F3E59 /* WorkView.swift */; };
		4C82C4EC27633788008F3E59 /* EducationView.swift in Sources */ = {isa = PBXBuildFile; fileRef = 4C82C4E227633788008F3E59 /* EducationView.swift */; };
		4C91822228172D4700D5CF62 /* DevPreview.swift in Sources */ = {isa = PBXBuildFile; fileRef = 4C91822128172D4700D5CF62 /* DevPreview.swift */; };
		4C91822728174B2A00D5CF62 /* Properties.swift in Sources */ = {isa = PBXBuildFile; fileRef = 4C91822628174B2A00D5CF62 /* Properties.swift */; };
		4C9182292817626F00D5CF62 /* AgeRangeView.swift in Sources */ = {isa = PBXBuildFile; fileRef = 4C9182282817626F00D5CF62 /* AgeRangeView.swift */; };
		4C91822E28176CB100D5CF62 /* InterestsGridView.swift in Sources */ = {isa = PBXBuildFile; fileRef = 4C91822D28176CB100D5CF62 /* InterestsGridView.swift */; };
		4C91823028176D9C00D5CF62 /* Error.swift in Sources */ = {isa = PBXBuildFile; fileRef = 4C91822F28176D9C00D5CF62 /* Error.swift */; };
		4C91823228176FEA00D5CF62 /* LocalFileManager.swift in Sources */ = {isa = PBXBuildFile; fileRef = 4C91823128176FEA00D5CF62 /* LocalFileManager.swift */; };
		4C918235281776A300D5CF62 /* ProfileView+Views.swift in Sources */ = {isa = PBXBuildFile; fileRef = 4C918234281776A300D5CF62 /* ProfileView+Views.swift */; };
		4C91823728177C0300D5CF62 /* MatchService.swift in Sources */ = {isa = PBXBuildFile; fileRef = 4C91823628177C0300D5CF62 /* MatchService.swift */; };
		4C9212E427B4E4B600EF40F4 /* PhotosGridView.swift in Sources */ = {isa = PBXBuildFile; fileRef = 4C9212E327B4E4B600EF40F4 /* PhotosGridView.swift */; };
		4C9306A327960A99000ABD89 /* AppDelegate.swift in Sources */ = {isa = PBXBuildFile; fileRef = 4C9306A227960A99000ABD89 /* AppDelegate.swift */; };
		4C9842B527FFEA4300709597 /* SheetState.swift in Sources */ = {isa = PBXBuildFile; fileRef = 4C9842B427FFEA4300709597 /* SheetState.swift */; };
		4C9842B72800029B00709597 /* SignupViewMod.swift in Sources */ = {isa = PBXBuildFile; fileRef = 4C9842B62800029B00709597 /* SignupViewMod.swift */; };
		4C98804627850DCA00749A2D /* BirthdayView.swift in Sources */ = {isa = PBXBuildFile; fileRef = 4C98804527850DCA00749A2D /* BirthdayView.swift */; };
		4CA917472795F3B70017DADB /* SigninOptions.swift in Sources */ = {isa = PBXBuildFile; fileRef = 4CA917462795F3B70017DADB /* SigninOptions.swift */; };
		4CB4E45B27F8F38300E775D1 /* Icebreakers.swift in Sources */ = {isa = PBXBuildFile; fileRef = 4CB4E45A27F8F38300E775D1 /* Icebreakers.swift */; };
		4CB9A0F327B44E28008EC500 /* ImagePicker.swift in Sources */ = {isa = PBXBuildFile; fileRef = 4CB9A0F227B44E28008EC500 /* ImagePicker.swift */; };
		4CC1358927F649D100719F48 /* MatchViewModel.swift in Sources */ = {isa = PBXBuildFile; fileRef = 4CC1358827F649D100719F48 /* MatchViewModel.swift */; };
		4CC1358B27F64B4300719F48 /* MessagesViewModel.swift in Sources */ = {isa = PBXBuildFile; fileRef = 4CC1358A27F64B4300719F48 /* MessagesViewModel.swift */; };
		4CC1358D27F65E6F00719F48 /* ChatViewModel.swift in Sources */ = {isa = PBXBuildFile; fileRef = 4CC1358C27F65E6F00719F48 /* ChatViewModel.swift */; };
		4CC2F9512817922100A1D105 /* EmptyLineupView.swift in Sources */ = {isa = PBXBuildFile; fileRef = 4CC2F9502817922100A1D105 /* EmptyLineupView.swift */; };
		4CC57ED82802C08C00C6683C /* MembershipView.swift in Sources */ = {isa = PBXBuildFile; fileRef = 4CC57ED72802C08C00C6683C /* MembershipView.swift */; };
		4CCFAC15280364AE0063FCA6 /* SettingCellView.swift in Sources */ = {isa = PBXBuildFile; fileRef = 4CCFAC14280364AE0063FCA6 /* SettingCellView.swift */; };
		4CCFAC1728036D040063FCA6 /* DetailCellView.swift in Sources */ = {isa = PBXBuildFile; fileRef = 4CCFAC1628036D040063FCA6 /* DetailCellView.swift */; };
		4CD3FF8E27838920004D2E5A /* EntryView.swift in Sources */ = {isa = PBXBuildFile; fileRef = 4CD3FF8D27838920004D2E5A /* EntryView.swift */; };
		4CDC57E627F3B51E009EC83B /* SessionTabsView.swift in Sources */ = {isa = PBXBuildFile; fileRef = 4CDC57E527F3B51E009EC83B /* SessionTabsView.swift */; };
/* End PBXBuildFile section */

/* Begin PBXFileReference section */
		4C02578427F774FA00844565 /* LoadingView.swift */ = {isa = PBXFileReference; lastKnownFileType = sourcecode.swift; path = LoadingView.swift; sourceTree = "<group>"; };
		4C02578827F7766400844565 /* SessionViewModel.swift */ = {isa = PBXFileReference; lastKnownFileType = sourcecode.swift; path = SessionViewModel.swift; sourceTree = "<group>"; };
		4C02579027F77ECA00844565 /* TabItem.swift */ = {isa = PBXFileReference; lastKnownFileType = sourcecode.swift; path = TabItem.swift; sourceTree = "<group>"; };
		4C02579327F7819200844565 /* Detail.swift */ = {isa = PBXFileReference; lastKnownFileType = sourcecode.swift; path = Detail.swift; sourceTree = "<group>"; };
		4C02579527F78FAB00844565 /* LaunchScreen.storyboard */ = {isa = PBXFileReference; lastKnownFileType = file.storyboard; path = LaunchScreen.storyboard; sourceTree = "<group>"; };
		4C0ADCE227E7C8980054EDE5 /* EmailSigninView.swift */ = {isa = PBXFileReference; lastKnownFileType = sourcecode.swift; path = EmailSigninView.swift; sourceTree = "<group>"; };
		4C0E947F278BF11F00740252 /* UserDetails.swift */ = {isa = PBXFileReference; lastKnownFileType = sourcecode.swift; path = UserDetails.swift; sourceTree = "<group>"; };
		4C0E948A278CE32A00740252 /* LocalService.swift */ = {isa = PBXFileReference; lastKnownFileType = sourcecode.swift; path = LocalService.swift; sourceTree = "<group>"; };
		4C0E9495278F79CA00740252 /* Blendate.entitlements */ = {isa = PBXFileReference; lastKnownFileType = text.plist.entitlements; path = Blendate.entitlements; sourceTree = "<group>"; };
		4C10728327F504DB004E525E /* MatchProfileView.swift */ = {isa = PBXFileReference; lastKnownFileType = sourcecode.swift; path = MatchProfileView.swift; sourceTree = "<group>"; };
		4C10728527F5099E004E525E /* ProfileButtons.swift */ = {isa = PBXFileReference; lastKnownFileType = sourcecode.swift; path = ProfileButtons.swift; sourceTree = "<group>"; };
		4C16AD4F2799EFE400779502 /* MatchedView.swift */ = {isa = PBXFileReference; lastKnownFileType = sourcecode.swift; path = MatchedView.swift; sourceTree = "<group>"; };
		4C16AD59279A92E400779502 /* UserSettings.swift */ = {isa = PBXFileReference; lastKnownFileType = sourcecode.swift; path = UserSettings.swift; sourceTree = "<group>"; };
		4C16AD5B279A92F900779502 /* Filters.swift */ = {isa = PBXFileReference; lastKnownFileType = sourcecode.swift; path = Filters.swift; sourceTree = "<group>"; };
		4C16AD5F279A97AE00779502 /* MyDefaults.swift */ = {isa = PBXFileReference; lastKnownFileType = sourcecode.swift; path = MyDefaults.swift; sourceTree = "<group>"; };
		4C16AD65279B518D00779502 /* PhotoViewModel.swift */ = {isa = PBXFileReference; lastKnownFileType = sourcecode.swift; path = PhotoViewModel.swift; sourceTree = "<group>"; };
		4C210AA627B6EFF500EE379E /* MatchesView.swift */ = {isa = PBXFileReference; lastKnownFileType = sourcecode.swift; path = MatchesView.swift; sourceTree = "<group>"; };
		4C210AA827B6F00500EE379E /* ConversationsView.swift */ = {isa = PBXFileReference; lastKnownFileType = sourcecode.swift; path = ConversationsView.swift; sourceTree = "<group>"; };
		4C210AAC27B84AE100EE379E /* UserService.swift */ = {isa = PBXFileReference; lastKnownFileType = sourcecode.swift; path = UserService.swift; sourceTree = "<group>"; };
		4C210AAE27B84F5000EE379E /* FirebaseService.swift */ = {isa = PBXFileReference; lastKnownFileType = sourcecode.swift; path = FirebaseService.swift; sourceTree = "<group>"; };
		4C3547522804CDEE00B0888A /* ChatBubbleView.swift */ = {isa = PBXFileReference; lastKnownFileType = sourcecode.swift; path = ChatBubbleView.swift; sourceTree = "<group>"; };
		4C3547542804CE0C00B0888A /* ChatTextField.swift */ = {isa = PBXFileReference; lastKnownFileType = sourcecode.swift; path = ChatTextField.swift; sourceTree = "<group>"; };
		4C47044F27F41B99007517D9 /* SettingsView.swift */ = {isa = PBXFileReference; lastKnownFileType = sourcecode.swift; path = SettingsView.swift; sourceTree = "<group>"; };
		4C47045327F432D9007517D9 /* RangeSliderView.swift */ = {isa = PBXFileReference; lastKnownFileType = sourcecode.swift; path = RangeSliderView.swift; sourceTree = "<group>"; };
		4C521A4D27BDA9AE00674C62 /* GoogleService-Info.plist */ = {isa = PBXFileReference; fileEncoding = 4; lastKnownFileType = text.plist.xml; path = "GoogleService-Info.plist"; sourceTree = "<group>"; };
		4C521A4F27BDD3F100674C62 /* TagCloudView.swift */ = {isa = PBXFileReference; lastKnownFileType = sourcecode.swift; path = TagCloudView.swift; sourceTree = "<group>"; };
		4C78847028188CA500B643C2 /* AsyncButton.swift */ = {isa = PBXFileReference; lastKnownFileType = sourcecode.swift; path = AsyncButton.swift; sourceTree = "<group>"; };
		4C788472281890E600B643C2 /* Array.swift */ = {isa = PBXFileReference; lastKnownFileType = sourcecode.swift; path = Array.swift; sourceTree = "<group>"; };
		4C7884742818910E00B643C2 /* SeperatorView.swift */ = {isa = PBXFileReference; lastKnownFileType = sourcecode.swift; path = SeperatorView.swift; sourceTree = "<group>"; };
		4C788476281895AD00B643C2 /* CapsuleButton.swift */ = {isa = PBXFileReference; lastKnownFileType = sourcecode.swift; path = CapsuleButton.swift; sourceTree = "<group>"; };
		4C788478281895F900B643C2 /* ToolBarItem.swift */ = {isa = PBXFileReference; lastKnownFileType = sourcecode.swift; path = ToolBarItem.swift; sourceTree = "<group>"; };
		4C78847A28189F4E00B643C2 /* Button.swift */ = {isa = PBXFileReference; lastKnownFileType = sourcecode.swift; path = Button.swift; sourceTree = "<group>"; };
		4C78847C2818A03000B643C2 /* Image.swift */ = {isa = PBXFileReference; lastKnownFileType = sourcecode.swift; path = Image.swift; sourceTree = "<group>"; };
		4C7C21F427E8EDAB00997B17 /* AppDelegate+Notifications.swift */ = {isa = PBXFileReference; lastKnownFileType = sourcecode.swift; path = "AppDelegate+Notifications.swift"; sourceTree = "<group>"; };
		4C7C21F827E8F90100997B17 /* DeveloperPrview+Users.swift */ = {isa = PBXFileReference; lastKnownFileType = sourcecode.swift; path = "DeveloperPrview+Users.swift"; sourceTree = "<group>"; };
		4C7C21FC27E8FDAA00997B17 /* OptionGridView.swift */ = {isa = PBXFileReference; lastKnownFileType = sourcecode.swift; path = OptionGridView.swift; sourceTree = "<group>"; };
		4C80024C27609E7E00F9410A /* EditDetailsView.swift */ = {isa = PBXFileReference; fileEncoding = 4; lastKnownFileType = sourcecode.swift; path = EditDetailsView.swift; sourceTree = "<group>"; };
		4C80025327609E9800F9410A /* FiltersView.swift */ = {isa = PBXFileReference; fileEncoding = 4; lastKnownFileType = sourcecode.swift; path = FiltersView.swift; sourceTree = "<group>"; };
		4C80025527609E9800F9410A /* HelpCenterView.swift */ = {isa = PBXFileReference; fileEncoding = 4; lastKnownFileType = sourcecode.swift; path = HelpCenterView.swift; sourceTree = "<group>"; };
		4C80025E2762A00900F9410A /* HeightView.swift */ = {isa = PBXFileReference; fileEncoding = 4; lastKnownFileType = sourcecode.swift; path = HeightView.swift; sourceTree = "<group>"; };
		4C8002612762B48700F9410A /* MessagesView.swift */ = {isa = PBXFileReference; lastKnownFileType = sourcecode.swift; path = MessagesView.swift; sourceTree = "<group>"; };
		4C8002632762B5E200F9410A /* Conversation.swift */ = {isa = PBXFileReference; lastKnownFileType = sourcecode.swift; path = Conversation.swift; sourceTree = "<group>"; };
		4C8002652762B6E700F9410A /* ChatView.swift */ = {isa = PBXFileReference; fileEncoding = 4; lastKnownFileType = sourcecode.swift; path = ChatView.swift; sourceTree = "<group>"; };
		4C8059A227601ED900D85D14 /* Blendate.app */ = {isa = PBXFileReference; explicitFileType = wrapper.application; includeInIndex = 0; path = Blendate.app; sourceTree = BUILT_PRODUCTS_DIR; };
		4C8059A527601ED900D85D14 /* BlendateApp.swift */ = {isa = PBXFileReference; lastKnownFileType = sourcecode.swift; path = BlendateApp.swift; sourceTree = "<group>"; };
		4C8059A927601ED900D85D14 /* Assets.xcassets */ = {isa = PBXFileReference; lastKnownFileType = folder.assetcatalog; path = Assets.xcassets; sourceTree = "<group>"; };
		4C8059AC27601ED900D85D14 /* Preview Assets.xcassets */ = {isa = PBXFileReference; lastKnownFileType = folder.assetcatalog; path = "Preview Assets.xcassets"; sourceTree = "<group>"; };
		4C8059D127602BD100D85D14 /* User.swift */ = {isa = PBXFileReference; lastKnownFileType = sourcecode.swift; path = User.swift; sourceTree = "<group>"; };
		4C8059D527603AF600D85D14 /* SessionView.swift */ = {isa = PBXFileReference; lastKnownFileType = sourcecode.swift; path = SessionView.swift; sourceTree = "<group>"; };
		4C8059DB27603B5000D85D14 /* TodayView.swift */ = {isa = PBXFileReference; lastKnownFileType = sourcecode.swift; path = TodayView.swift; sourceTree = "<group>"; };
		4C8059E127603C3200D85D14 /* WelcomeView.swift */ = {isa = PBXFileReference; lastKnownFileType = sourcecode.swift; path = WelcomeView.swift; sourceTree = "<group>"; };
		4C8059E527603ECA00D85D14 /* Modifiers.swift */ = {isa = PBXFileReference; lastKnownFileType = sourcecode.swift; path = Modifiers.swift; sourceTree = "<group>"; };
		4C805A022760420D00D85D14 /* NameView.swift */ = {isa = PBXFileReference; fileEncoding = 4; lastKnownFileType = sourcecode.swift; path = NameView.swift; sourceTree = "<group>"; };
		4C805A032760420D00D85D14 /* SignupView.swift */ = {isa = PBXFileReference; fileEncoding = 4; lastKnownFileType = sourcecode.swift; path = SignupView.swift; sourceTree = "<group>"; };
		4C805A4D2760437E00D85D14 /* Colors.swift */ = {isa = PBXFileReference; lastKnownFileType = sourcecode.swift; path = Colors.swift; sourceTree = "<group>"; };
		4C805A5427604D6000D85D14 /* GenderView.swift */ = {isa = PBXFileReference; fileEncoding = 4; lastKnownFileType = sourcecode.swift; path = GenderView.swift; sourceTree = "<group>"; };
		4C805A5627604DB200D85D14 /* ParentView.swift */ = {isa = PBXFileReference; fileEncoding = 4; lastKnownFileType = sourcecode.swift; path = ParentView.swift; sourceTree = "<group>"; };
		4C805A5827604EC600D85D14 /* NumberKidsView.swift */ = {isa = PBXFileReference; fileEncoding = 4; lastKnownFileType = sourcecode.swift; path = NumberKidsView.swift; sourceTree = "<group>"; };
		4C805A5A27604ECE00D85D14 /* KidsrangeView.swift */ = {isa = PBXFileReference; fileEncoding = 4; lastKnownFileType = sourcecode.swift; path = KidsrangeView.swift; sourceTree = "<group>"; };
		4C805A5C27604ED300D85D14 /* LocationView.swift */ = {isa = PBXFileReference; fileEncoding = 4; lastKnownFileType = sourcecode.swift; path = LocationView.swift; sourceTree = "<group>"; };
		4C805A622760562B00D85D14 /* AboutView.swift */ = {isa = PBXFileReference; fileEncoding = 4; lastKnownFileType = sourcecode.swift; path = AboutView.swift; sourceTree = "<group>"; };
		4C805A642760569300D85D14 /* AddPhotosView.swift */ = {isa = PBXFileReference; fileEncoding = 4; lastKnownFileType = sourcecode.swift; path = AddPhotosView.swift; sourceTree = "<group>"; };
		4C805A652760569300D85D14 /* MorePreferencesView.swift */ = {isa = PBXFileReference; fileEncoding = 4; lastKnownFileType = sourcecode.swift; path = MorePreferencesView.swift; sourceTree = "<group>"; };
		4C805A6D27605BFE00D85D14 /* ProfileView.swift */ = {isa = PBXFileReference; fileEncoding = 4; lastKnownFileType = sourcecode.swift; path = ProfileView.swift; sourceTree = "<group>"; };
		4C805A6F27605D3F00D85D14 /* ProfileCardView.swift */ = {isa = PBXFileReference; fileEncoding = 4; lastKnownFileType = sourcecode.swift; path = ProfileCardView.swift; sourceTree = "<group>"; };
		4C805A7427605DAA00D85D14 /* InfoCard.swift */ = {isa = PBXFileReference; fileEncoding = 4; lastKnownFileType = sourcecode.swift; path = InfoCard.swift; sourceTree = "<group>"; };
		4C805A8027605F2C00D85D14 /* PhotoView.swift */ = {isa = PBXFileReference; fileEncoding = 4; lastKnownFileType = sourcecode.swift; path = PhotoView.swift; sourceTree = "<group>"; };
		4C805A822760626900D85D14 /* InterestsView.swift */ = {isa = PBXFileReference; fileEncoding = 4; lastKnownFileType = sourcecode.swift; path = InterestsView.swift; sourceTree = "<group>"; };
		4C82C4B22763226C008F3E59 /* Montserrat-LightItalic.ttf */ = {isa = PBXFileReference; lastKnownFileType = file; path = "Montserrat-LightItalic.ttf"; sourceTree = "<group>"; };
		4C82C4B32763226C008F3E59 /* Montserrat-Medium.ttf */ = {isa = PBXFileReference; lastKnownFileType = file; path = "Montserrat-Medium.ttf"; sourceTree = "<group>"; };
		4C82C4B42763226C008F3E59 /* Montserrat-BoldItalic.ttf */ = {isa = PBXFileReference; lastKnownFileType = file; path = "Montserrat-BoldItalic.ttf"; sourceTree = "<group>"; };
		4C82C4B52763226C008F3E59 /* Montserrat-Light.ttf */ = {isa = PBXFileReference; lastKnownFileType = file; path = "Montserrat-Light.ttf"; sourceTree = "<group>"; };
		4C82C4B62763226C008F3E59 /* Montserrat-ThinItalic.ttf */ = {isa = PBXFileReference; lastKnownFileType = file; path = "Montserrat-ThinItalic.ttf"; sourceTree = "<group>"; };
		4C82C4B72763226C008F3E59 /* Montserrat-ExtraLight.ttf */ = {isa = PBXFileReference; lastKnownFileType = file; path = "Montserrat-ExtraLight.ttf"; sourceTree = "<group>"; };
		4C82C4B82763226C008F3E59 /* Montserrat-Thin.ttf */ = {isa = PBXFileReference; lastKnownFileType = file; path = "Montserrat-Thin.ttf"; sourceTree = "<group>"; };
		4C82C4B92763226C008F3E59 /* Montserrat-Bold.ttf */ = {isa = PBXFileReference; lastKnownFileType = file; path = "Montserrat-Bold.ttf"; sourceTree = "<group>"; };
		4C82C4BA2763226C008F3E59 /* Montserrat-MediumItalic.ttf */ = {isa = PBXFileReference; lastKnownFileType = file; path = "Montserrat-MediumItalic.ttf"; sourceTree = "<group>"; };
		4C82C4BB2763226C008F3E59 /* Montserrat-BlackItalic.ttf */ = {isa = PBXFileReference; lastKnownFileType = file; path = "Montserrat-BlackItalic.ttf"; sourceTree = "<group>"; };
		4C82C4BC2763226C008F3E59 /* Montserrat-SemiBold.ttf */ = {isa = PBXFileReference; lastKnownFileType = file; path = "Montserrat-SemiBold.ttf"; sourceTree = "<group>"; };
		4C82C4BD2763226C008F3E59 /* LexendDeca-Regular.ttf */ = {isa = PBXFileReference; lastKnownFileType = file; path = "LexendDeca-Regular.ttf"; sourceTree = "<group>"; };
		4C82C4BE2763226C008F3E59 /* Montserrat-ExtraLightItalic.ttf */ = {isa = PBXFileReference; lastKnownFileType = file; path = "Montserrat-ExtraLightItalic.ttf"; sourceTree = "<group>"; };
		4C82C4BF2763226C008F3E59 /* Montserrat-ExtraBold.ttf */ = {isa = PBXFileReference; lastKnownFileType = file; path = "Montserrat-ExtraBold.ttf"; sourceTree = "<group>"; };
		4C82C4C02763226C008F3E59 /* Montserrat-Black.ttf */ = {isa = PBXFileReference; lastKnownFileType = file; path = "Montserrat-Black.ttf"; sourceTree = "<group>"; };
		4C82C4C12763226C008F3E59 /* Montserrat-Regular.ttf */ = {isa = PBXFileReference; lastKnownFileType = file; path = "Montserrat-Regular.ttf"; sourceTree = "<group>"; };
		4C82C4C22763226C008F3E59 /* Montserrat-Italic.ttf */ = {isa = PBXFileReference; lastKnownFileType = file; path = "Montserrat-Italic.ttf"; sourceTree = "<group>"; };
		4C82C4C32763226C008F3E59 /* Montserrat-SemiBoldItalic.ttf */ = {isa = PBXFileReference; lastKnownFileType = file; path = "Montserrat-SemiBoldItalic.ttf"; sourceTree = "<group>"; };
		4C82C4C42763226C008F3E59 /* Montserrat-ExtraBoldItalic.ttf */ = {isa = PBXFileReference; lastKnownFileType = file; path = "Montserrat-ExtraBoldItalic.ttf"; sourceTree = "<group>"; };
		4C82C4DA27633788008F3E59 /* WantKidsView.swift */ = {isa = PBXFileReference; fileEncoding = 4; lastKnownFileType = sourcecode.swift; path = WantKidsView.swift; sourceTree = "<group>"; };
		4C82C4DB27633788008F3E59 /* PoliticsView.swift */ = {isa = PBXFileReference; fileEncoding = 4; lastKnownFileType = sourcecode.swift; path = PoliticsView.swift; sourceTree = "<group>"; };
		4C82C4DC27633788008F3E59 /* MobilityView.swift */ = {isa = PBXFileReference; fileEncoding = 4; lastKnownFileType = sourcecode.swift; path = MobilityView.swift; sourceTree = "<group>"; };
		4C82C4DD27633788008F3E59 /* EthnicityView.swift */ = {isa = PBXFileReference; fileEncoding = 4; lastKnownFileType = sourcecode.swift; path = EthnicityView.swift; sourceTree = "<group>"; };
		4C82C4DE27633788008F3E59 /* RelationshipView.swift */ = {isa = PBXFileReference; fileEncoding = 4; lastKnownFileType = sourcecode.swift; path = RelationshipView.swift; sourceTree = "<group>"; };
		4C82C4DF27633788008F3E59 /* ReligionView.swift */ = {isa = PBXFileReference; fileEncoding = 4; lastKnownFileType = sourcecode.swift; path = ReligionView.swift; sourceTree = "<group>"; };
		4C82C4E027633788008F3E59 /* VicesView.swift */ = {isa = PBXFileReference; fileEncoding = 4; lastKnownFileType = sourcecode.swift; path = VicesView.swift; sourceTree = "<group>"; };
		4C82C4E127633788008F3E59 /* WorkView.swift */ = {isa = PBXFileReference; fileEncoding = 4; lastKnownFileType = sourcecode.swift; path = WorkView.swift; sourceTree = "<group>"; };
		4C82C4E227633788008F3E59 /* EducationView.swift */ = {isa = PBXFileReference; fileEncoding = 4; lastKnownFileType = sourcecode.swift; path = EducationView.swift; sourceTree = "<group>"; };
		4C91822128172D4700D5CF62 /* DevPreview.swift */ = {isa = PBXFileReference; lastKnownFileType = sourcecode.swift; path = DevPreview.swift; sourceTree = "<group>"; };
		4C91822628174B2A00D5CF62 /* Properties.swift */ = {isa = PBXFileReference; lastKnownFileType = sourcecode.swift; path = Properties.swift; sourceTree = "<group>"; };
		4C9182282817626F00D5CF62 /* AgeRangeView.swift */ = {isa = PBXFileReference; lastKnownFileType = sourcecode.swift; path = AgeRangeView.swift; sourceTree = "<group>"; };
		4C91822D28176CB100D5CF62 /* InterestsGridView.swift */ = {isa = PBXFileReference; lastKnownFileType = sourcecode.swift; path = InterestsGridView.swift; sourceTree = "<group>"; };
		4C91822F28176D9C00D5CF62 /* Error.swift */ = {isa = PBXFileReference; lastKnownFileType = sourcecode.swift; path = Error.swift; sourceTree = "<group>"; };
		4C91823128176FEA00D5CF62 /* LocalFileManager.swift */ = {isa = PBXFileReference; lastKnownFileType = sourcecode.swift; path = LocalFileManager.swift; sourceTree = "<group>"; };
		4C918234281776A300D5CF62 /* ProfileView+Views.swift */ = {isa = PBXFileReference; lastKnownFileType = sourcecode.swift; path = "ProfileView+Views.swift"; sourceTree = "<group>"; };
		4C91823628177C0300D5CF62 /* MatchService.swift */ = {isa = PBXFileReference; lastKnownFileType = sourcecode.swift; path = MatchService.swift; sourceTree = "<group>"; };
		4C9212E327B4E4B600EF40F4 /* PhotosGridView.swift */ = {isa = PBXFileReference; lastKnownFileType = sourcecode.swift; path = PhotosGridView.swift; sourceTree = "<group>"; };
		4C9306A227960A99000ABD89 /* AppDelegate.swift */ = {isa = PBXFileReference; lastKnownFileType = sourcecode.swift; path = AppDelegate.swift; sourceTree = "<group>"; };
		4C9842B427FFEA4300709597 /* SheetState.swift */ = {isa = PBXFileReference; lastKnownFileType = sourcecode.swift; path = SheetState.swift; sourceTree = "<group>"; };
		4C9842B62800029B00709597 /* SignupViewMod.swift */ = {isa = PBXFileReference; lastKnownFileType = sourcecode.swift; path = SignupViewMod.swift; sourceTree = "<group>"; };
		4C98804527850DCA00749A2D /* BirthdayView.swift */ = {isa = PBXFileReference; lastKnownFileType = sourcecode.swift; path = BirthdayView.swift; sourceTree = "<group>"; };
		4CA917462795F3B70017DADB /* SigninOptions.swift */ = {isa = PBXFileReference; lastKnownFileType = sourcecode.swift; path = SigninOptions.swift; sourceTree = "<group>"; };
		4CB4E45A27F8F38300E775D1 /* Icebreakers.swift */ = {isa = PBXFileReference; lastKnownFileType = sourcecode.swift; path = Icebreakers.swift; sourceTree = "<group>"; };
		4CB9A0F227B44E28008EC500 /* ImagePicker.swift */ = {isa = PBXFileReference; lastKnownFileType = sourcecode.swift; path = ImagePicker.swift; sourceTree = "<group>"; };
		4CC1358827F649D100719F48 /* MatchViewModel.swift */ = {isa = PBXFileReference; lastKnownFileType = sourcecode.swift; path = MatchViewModel.swift; sourceTree = "<group>"; };
		4CC1358A27F64B4300719F48 /* MessagesViewModel.swift */ = {isa = PBXFileReference; lastKnownFileType = sourcecode.swift; path = MessagesViewModel.swift; sourceTree = "<group>"; };
		4CC1358C27F65E6F00719F48 /* ChatViewModel.swift */ = {isa = PBXFileReference; lastKnownFileType = sourcecode.swift; path = ChatViewModel.swift; sourceTree = "<group>"; };
		4CC2F9502817922100A1D105 /* EmptyLineupView.swift */ = {isa = PBXFileReference; lastKnownFileType = sourcecode.swift; path = EmptyLineupView.swift; sourceTree = "<group>"; };
		4CC57ED72802C08C00C6683C /* MembershipView.swift */ = {isa = PBXFileReference; lastKnownFileType = sourcecode.swift; path = MembershipView.swift; sourceTree = "<group>"; };
		4CCFAC14280364AE0063FCA6 /* SettingCellView.swift */ = {isa = PBXFileReference; lastKnownFileType = sourcecode.swift; path = SettingCellView.swift; sourceTree = "<group>"; };
		4CCFAC1628036D040063FCA6 /* DetailCellView.swift */ = {isa = PBXFileReference; lastKnownFileType = sourcecode.swift; path = DetailCellView.swift; sourceTree = "<group>"; };
		4CD3FF8D27838920004D2E5A /* EntryView.swift */ = {isa = PBXFileReference; lastKnownFileType = sourcecode.swift; path = EntryView.swift; sourceTree = "<group>"; };
		4CDC57E527F3B51E009EC83B /* SessionTabsView.swift */ = {isa = PBXFileReference; lastKnownFileType = sourcecode.swift; path = SessionTabsView.swift; sourceTree = "<group>"; };
		CC06A020DA26D1351673F6FC /* Pods-Blendate.debug.xcconfig */ = {isa = PBXFileReference; includeInIndex = 1; lastKnownFileType = text.xcconfig; name = "Pods-Blendate.debug.xcconfig"; path = "Target Support Files/Pods-Blendate/Pods-Blendate.debug.xcconfig"; sourceTree = "<group>"; };
		E2EC0A5CC2A1CE3B08670241 /* Pods-Blendate.release.xcconfig */ = {isa = PBXFileReference; includeInIndex = 1; lastKnownFileType = text.xcconfig; name = "Pods-Blendate.release.xcconfig"; path = "Target Support Files/Pods-Blendate/Pods-Blendate.release.xcconfig"; sourceTree = "<group>"; };
		F88E51FDA8669AAEEF61164B /* Pods_Blendate.framework */ = {isa = PBXFileReference; explicitFileType = wrapper.framework; includeInIndex = 0; path = Pods_Blendate.framework; sourceTree = BUILT_PRODUCTS_DIR; };
/* End PBXFileReference section */

/* Begin PBXFrameworksBuildPhase section */
		4C80599F27601ED900D85D14 /* Frameworks */ = {
			isa = PBXFrameworksBuildPhase;
			buildActionMask = 2147483647;
			files = (
				4C0D18A027BD97C4008DBB0C /* Pods_Blendate.framework in Frameworks */,
			);
			runOnlyForDeploymentPostprocessing = 0;
		};
/* End PBXFrameworksBuildPhase section */

/* Begin PBXGroup section */
		3A053349208B710A1A1E4CAA /* Frameworks */ = {
			isa = PBXGroup;
			children = (
				F88E51FDA8669AAEEF61164B /* Pods_Blendate.framework */,
			);
			name = Frameworks;
			sourceTree = "<group>";
		};
		4C02578327F774BB00844565 /* Entry */ = {
			isa = PBXGroup;
			children = (
				4C02578A27F776AA00844565 /* View */,
				4C02578B27F776B200844565 /* ViewModel */,
			);
			path = Entry;
			sourceTree = "<group>";
		};
		4C02578A27F776AA00844565 /* View */ = {
			isa = PBXGroup;
			children = (
				4CD3FF8D27838920004D2E5A /* EntryView.swift */,
				4C02578427F774FA00844565 /* LoadingView.swift */,
				4C8059D527603AF600D85D14 /* SessionView.swift */,
			);
			path = View;
			sourceTree = "<group>";
		};
		4C02578B27F776B200844565 /* ViewModel */ = {
			isa = PBXGroup;
			children = (
				4C02578827F7766400844565 /* SessionViewModel.swift */,
			);
			path = ViewModel;
			sourceTree = "<group>";
		};
		4C1AC63A27FA223100F7CF79 /* View */ = {
			isa = PBXGroup;
			children = (
				4C80025327609E9800F9410A /* FiltersView.swift */,
				4CCFAC18280379F00063FCA6 /* Settings */,
				4CCA89D02800D67C008798EE /* Edit */,
			);
			path = View;
			sourceTree = "<group>";
		};
		4C70A9B22799ED05009D9137 /* Welcome */ = {
			isa = PBXGroup;
			children = (
				4C8059EB2760420D00D85D14 /* Onboarding */,
				4C8059E127603C3200D85D14 /* WelcomeView.swift */,
				4CA917462795F3B70017DADB /* SigninOptions.swift */,
				4C0ADCE227E7C8980054EDE5 /* EmailSigninView.swift */,
			);
			path = Welcome;
			sourceTree = "<group>";
		};
		4C80025227609E9800F9410A /* Settings */ = {
			isa = PBXGroup;
			children = (
				4C16AD59279A92E400779502 /* UserSettings.swift */,
				4C1AC63A27FA223100F7CF79 /* View */,
			);
			path = Settings;
			sourceTree = "<group>";
		};
		4C8002602762B41200F9410A /* Messages */ = {
			isa = PBXGroup;
			children = (
				4CC1359627F66A7900719F48 /* Model */,
				4CC1359027F6673F00719F48 /* View */,
				4CC1358F27F6672A00719F48 /* ViewModel */,
			);
			path = Messages;
			sourceTree = "<group>";
		};
		4C80599927601ED900D85D14 = {
			isa = PBXGroup;
			children = (
				4C8059A427601ED900D85D14 /* Blendate */,
				4C8059A327601ED900D85D14 /* Products */,
				B1180F24397BEB88EBFA78EE /* Pods */,
				3A053349208B710A1A1E4CAA /* Frameworks */,
			);
			sourceTree = "<group>";
		};
		4C8059A327601ED900D85D14 /* Products */ = {
			isa = PBXGroup;
			children = (
				4C8059A227601ED900D85D14 /* Blendate.app */,
			);
			name = Products;
			sourceTree = "<group>";
		};
		4C8059A427601ED900D85D14 /* Blendate */ = {
			isa = PBXGroup;
			children = (
				4C0E9495278F79CA00740252 /* Blendate.entitlements */,
				4C02579527F78FAB00844565 /* LaunchScreen.storyboard */,
				4C8059A527601ED900D85D14 /* BlendateApp.swift */,
				4C9306A227960A99000ABD89 /* AppDelegate.swift */,
				4C7C21F427E8EDAB00997B17 /* AppDelegate+Notifications.swift */,
				4C02578327F774BB00844565 /* Entry */,
				4C70A9B22799ED05009D9137 /* Welcome */,
				4C91822B28176B0400D5CF62 /* Session */,
				4CC2F9532817924700A1D105 /* Service */,
				4C91822528173C7300D5CF62 /* DevPreview */,
				4C82C4D927632EA4008F3E59 /* Components */,
				4C918233281770C600D5CF62 /* Extensions */,
				4C805A512760461C00D85D14 /* Utils */,
				4C521A4D27BDA9AE00674C62 /* GoogleService-Info.plist */,
				4C8059A927601ED900D85D14 /* Assets.xcassets */,
				4C8059AB27601ED900D85D14 /* Preview Content */,
			);
			path = Blendate;
			sourceTree = "<group>";
		};
		4C8059AB27601ED900D85D14 /* Preview Content */ = {
			isa = PBXGroup;
			children = (
				4C8059AC27601ED900D85D14 /* Preview Assets.xcassets */,
			);
			path = "Preview Content";
			sourceTree = "<group>";
		};
		4C8059EB2760420D00D85D14 /* Onboarding */ = {
			isa = PBXGroup;
			children = (
				4C91822628174B2A00D5CF62 /* Properties.swift */,
				4C02579327F7819200844565 /* Detail.swift */,
				4C9842B62800029B00709597 /* SignupViewMod.swift */,
				4C805A032760420D00D85D14 /* SignupView.swift */,
				4C9212E527B4F2A200EF40F4 /* Required */,
				4C805A842760627300D85D14 /* Details */,
			);
			path = Onboarding;
			sourceTree = "<group>";
		};
		4C805A512760461C00D85D14 /* Utils */ = {
			isa = PBXGroup;
			children = (
				4C82C4B12763226C008F3E59 /* Fonts */,
				4C210AAE27B84F5000EE379E /* FirebaseService.swift */,
				4C91823128176FEA00D5CF62 /* LocalFileManager.swift */,
				4C8059E527603ECA00D85D14 /* Modifiers.swift */,
				4C9842B427FFEA4300709597 /* SheetState.swift */,
				4CC1359427F6691E00719F48 /* Option */,
			);
			path = Utils;
			sourceTree = "<group>";
		};
		4C805A7127605DAA00D85D14 /* Profile */ = {
			isa = PBXGroup;
			children = (
				4CC1359327F667C900719F48 /* Model */,
				4CC1359127F6679900719F48 /* View */,
				4CC1359227F667AC00719F48 /* ViewModel */,
			);
			path = Profile;
			sourceTree = "<group>";
		};
		4C805A842760627300D85D14 /* Details */ = {
			isa = PBXGroup;
			children = (
				4C80025E2762A00900F9410A /* HeightView.swift */,
				4C82C4DE27633788008F3E59 /* RelationshipView.swift */,
				4C82C4DA27633788008F3E59 /* WantKidsView.swift */,
				4C82C4E127633788008F3E59 /* WorkView.swift */,
				4C82C4E227633788008F3E59 /* EducationView.swift */,
				4C82C4DC27633788008F3E59 /* MobilityView.swift */,
				4C82C4DF27633788008F3E59 /* ReligionView.swift */,
				4C82C4DB27633788008F3E59 /* PoliticsView.swift */,
				4C82C4DD27633788008F3E59 /* EthnicityView.swift */,
				4C82C4E027633788008F3E59 /* VicesView.swift */,
				4C805A822760626900D85D14 /* InterestsView.swift */,
			);
			path = Details;
			sourceTree = "<group>";
		};
		4C82C4B12763226C008F3E59 /* Fonts */ = {
			isa = PBXGroup;
			children = (
				4C82C4B22763226C008F3E59 /* Montserrat-LightItalic.ttf */,
				4C82C4B32763226C008F3E59 /* Montserrat-Medium.ttf */,
				4C82C4B42763226C008F3E59 /* Montserrat-BoldItalic.ttf */,
				4C82C4B52763226C008F3E59 /* Montserrat-Light.ttf */,
				4C82C4B62763226C008F3E59 /* Montserrat-ThinItalic.ttf */,
				4C82C4B72763226C008F3E59 /* Montserrat-ExtraLight.ttf */,
				4C82C4B82763226C008F3E59 /* Montserrat-Thin.ttf */,
				4C82C4B92763226C008F3E59 /* Montserrat-Bold.ttf */,
				4C82C4BA2763226C008F3E59 /* Montserrat-MediumItalic.ttf */,
				4C82C4BB2763226C008F3E59 /* Montserrat-BlackItalic.ttf */,
				4C82C4BC2763226C008F3E59 /* Montserrat-SemiBold.ttf */,
				4C82C4BD2763226C008F3E59 /* LexendDeca-Regular.ttf */,
				4C82C4BE2763226C008F3E59 /* Montserrat-ExtraLightItalic.ttf */,
				4C82C4BF2763226C008F3E59 /* Montserrat-ExtraBold.ttf */,
				4C82C4C02763226C008F3E59 /* Montserrat-Black.ttf */,
				4C82C4C12763226C008F3E59 /* Montserrat-Regular.ttf */,
				4C82C4C22763226C008F3E59 /* Montserrat-Italic.ttf */,
				4C82C4C32763226C008F3E59 /* Montserrat-SemiBoldItalic.ttf */,
				4C82C4C42763226C008F3E59 /* Montserrat-ExtraBoldItalic.ttf */,
			);
			path = Fonts;
			sourceTree = "<group>";
		};
		4C82C4D927632EA4008F3E59 /* Components */ = {
			isa = PBXGroup;
			children = (
				4CC1359727F66BD400719F48 /* Photo */,
				4C91822C28176BA600D5CF62 /* TabBar */,
				4C9182282817626F00D5CF62 /* AgeRangeView.swift */,
				4C91822D28176CB100D5CF62 /* InterestsGridView.swift */,
				4C7884742818910E00B643C2 /* SeperatorView.swift */,
				4C47045327F432D9007517D9 /* RangeSliderView.swift */,
				4C788476281895AD00B643C2 /* CapsuleButton.swift */,
				4C78847028188CA500B643C2 /* AsyncButton.swift */,
			);
			path = Components;
			sourceTree = "<group>";
		};
		4C91822528173C7300D5CF62 /* DevPreview */ = {
			isa = PBXGroup;
			children = (
				4C91822128172D4700D5CF62 /* DevPreview.swift */,
				4C7C21F827E8F90100997B17 /* DeveloperPrview+Users.swift */,
			);
			path = DevPreview;
			sourceTree = "<group>";
		};
		4C91822B28176B0400D5CF62 /* Session */ = {
			isa = PBXGroup;
			children = (
				4C805A7127605DAA00D85D14 /* Profile */,
				4C8002602762B41200F9410A /* Messages */,
				4C80025227609E9800F9410A /* Settings */,
			);
			path = Session;
			sourceTree = "<group>";
		};
		4C91822C28176BA600D5CF62 /* TabBar */ = {
			isa = PBXGroup;
			children = (
				4CDC57E527F3B51E009EC83B /* SessionTabsView.swift */,
				4C02579027F77ECA00844565 /* TabItem.swift */,
			);
			path = TabBar;
			sourceTree = "<group>";
		};
		4C918233281770C600D5CF62 /* Extensions */ = {
			isa = PBXGroup;
			children = (
				4C805A4D2760437E00D85D14 /* Colors.swift */,
				4C788478281895F900B643C2 /* ToolBarItem.swift */,
				4C78847A28189F4E00B643C2 /* Button.swift */,
				4C788472281890E600B643C2 /* Array.swift */,
				4C91822F28176D9C00D5CF62 /* Error.swift */,
				4C78847C2818A03000B643C2 /* Image.swift */,
			);
			path = Extensions;
			sourceTree = "<group>";
		};
		4C9212E527B4F2A200EF40F4 /* Required */ = {
			isa = PBXGroup;
			children = (
				4C805A022760420D00D85D14 /* NameView.swift */,
				4C98804527850DCA00749A2D /* BirthdayView.swift */,
				4C805A5427604D6000D85D14 /* GenderView.swift */,
				4C805A5627604DB200D85D14 /* ParentView.swift */,
				4C805A5827604EC600D85D14 /* NumberKidsView.swift */,
				4C805A5A27604ECE00D85D14 /* KidsrangeView.swift */,
				4C805A5C27604ED300D85D14 /* LocationView.swift */,
				4C805A622760562B00D85D14 /* AboutView.swift */,
				4C805A642760569300D85D14 /* AddPhotosView.swift */,
				4C805A652760569300D85D14 /* MorePreferencesView.swift */,
			);
			path = Required;
			sourceTree = "<group>";
		};
		4CC1358F27F6672A00719F48 /* ViewModel */ = {
			isa = PBXGroup;
			children = (
				4CC1358A27F64B4300719F48 /* MessagesViewModel.swift */,
				4CC1358C27F65E6F00719F48 /* ChatViewModel.swift */,
			);
			path = ViewModel;
			sourceTree = "<group>";
		};
		4CC1359027F6673F00719F48 /* View */ = {
			isa = PBXGroup;
			children = (
				4C8002612762B48700F9410A /* MessagesView.swift */,
				4C210AA627B6EFF500EE379E /* MatchesView.swift */,
				4C210AA827B6F00500EE379E /* ConversationsView.swift */,
				4C8002652762B6E700F9410A /* ChatView.swift */,
				4C3547522804CDEE00B0888A /* ChatBubbleView.swift */,
				4C3547542804CE0C00B0888A /* ChatTextField.swift */,
				4C8059DB27603B5000D85D14 /* TodayView.swift */,
			);
			path = View;
			sourceTree = "<group>";
		};
		4CC1359127F6679900719F48 /* View */ = {
			isa = PBXGroup;
			children = (
				4C918234281776A300D5CF62 /* ProfileView+Views.swift */,
				4C805A6D27605BFE00D85D14 /* ProfileView.swift */,
				4CC2F9522817922E00A1D105 /* Match */,
				4C805A6F27605D3F00D85D14 /* ProfileCardView.swift */,
				4C10728527F5099E004E525E /* ProfileButtons.swift */,
				4C805A7427605DAA00D85D14 /* InfoCard.swift */,
			);
			path = View;
			sourceTree = "<group>";
		};
		4CC1359227F667AC00719F48 /* ViewModel */ = {
			isa = PBXGroup;
			children = (
				4C16AD65279B518D00779502 /* PhotoViewModel.swift */,
				4CC1358827F649D100719F48 /* MatchViewModel.swift */,
			);
			path = ViewModel;
			sourceTree = "<group>";
		};
		4CC1359327F667C900719F48 /* Model */ = {
			isa = PBXGroup;
			children = (
				4C8059D127602BD100D85D14 /* User.swift */,
				4C0E947F278BF11F00740252 /* UserDetails.swift */,
				4C16AD5B279A92F900779502 /* Filters.swift */,
			);
			path = Model;
			sourceTree = "<group>";
		};
		4CC1359427F6691E00719F48 /* Option */ = {
			isa = PBXGroup;
			children = (
				4C521A4F27BDD3F100674C62 /* TagCloudView.swift */,
				4C7C21FC27E8FDAA00997B17 /* OptionGridView.swift */,
				4C0E948A278CE32A00740252 /* LocalService.swift */,
				4C16AD5F279A97AE00779502 /* MyDefaults.swift */,
			);
			path = Option;
			sourceTree = "<group>";
		};
		4CC1359627F66A7900719F48 /* Model */ = {
			isa = PBXGroup;
			children = (
				4C8002632762B5E200F9410A /* Conversation.swift */,
				4CB4E45A27F8F38300E775D1 /* Icebreakers.swift */,
			);
			path = Model;
			sourceTree = "<group>";
		};
		4CC1359727F66BD400719F48 /* Photo */ = {
			isa = PBXGroup;
			children = (
				4C9212E327B4E4B600EF40F4 /* PhotosGridView.swift */,
				4C805A8027605F2C00D85D14 /* PhotoView.swift */,
				4CB9A0F227B44E28008EC500 /* ImagePicker.swift */,
			);
			path = Photo;
			sourceTree = "<group>";
		};
		4CC2F9522817922E00A1D105 /* Match */ = {
			isa = PBXGroup;
			children = (
				4C10728327F504DB004E525E /* MatchProfileView.swift */,
				4CC2F9502817922100A1D105 /* EmptyLineupView.swift */,
				4C16AD4F2799EFE400779502 /* MatchedView.swift */,
			);
			path = Match;
			sourceTree = "<group>";
		};
		4CC2F9532817924700A1D105 /* Service */ = {
			isa = PBXGroup;
			children = (
				4C210AAC27B84AE100EE379E /* UserService.swift */,
				4C91823628177C0300D5CF62 /* MatchService.swift */,
			);
			path = Service;
			sourceTree = "<group>";
		};
		4CCA89D02800D67C008798EE /* Edit */ = {
			isa = PBXGroup;
			children = (
				4C80024C27609E7E00F9410A /* EditDetailsView.swift */,
				4CCFAC1628036D040063FCA6 /* DetailCellView.swift */,
			);
			path = Edit;
			sourceTree = "<group>";
		};
		4CCFAC18280379F00063FCA6 /* Settings */ = {
			isa = PBXGroup;
			children = (
				4C47044F27F41B99007517D9 /* SettingsView.swift */,
				4CCFAC14280364AE0063FCA6 /* SettingCellView.swift */,
				4CC57ED72802C08C00C6683C /* MembershipView.swift */,
				4C80025527609E9800F9410A /* HelpCenterView.swift */,
			);
			path = Settings;
			sourceTree = "<group>";
		};
		B1180F24397BEB88EBFA78EE /* Pods */ = {
			isa = PBXGroup;
			children = (
				CC06A020DA26D1351673F6FC /* Pods-Blendate.debug.xcconfig */,
				E2EC0A5CC2A1CE3B08670241 /* Pods-Blendate.release.xcconfig */,
			);
			path = Pods;
			sourceTree = "<group>";
		};
/* End PBXGroup section */

/* Begin PBXNativeTarget section */
		4C8059A127601ED900D85D14 /* Blendate */ = {
			isa = PBXNativeTarget;
			buildConfigurationList = 4C8059C627601EDA00D85D14 /* Build configuration list for PBXNativeTarget "Blendate" */;
			buildPhases = (
				83128B809C9FB51B0C1ADAEC /* [CP] Check Pods Manifest.lock */,
				4C80599E27601ED900D85D14 /* Sources */,
				4C80599F27601ED900D85D14 /* Frameworks */,
				4C8059A027601ED900D85D14 /* Resources */,
				EE80856363E5D359E2D32AC0 /* [CP] Embed Pods Frameworks */,
				8D39EB16F320E9B27E208D3E /* [CP] Copy Pods Resources */,
			);
			buildRules = (
			);
			dependencies = (
			);
			name = Blendate;
			packageProductDependencies = (
			);
			productName = Blendate;
			productReference = 4C8059A227601ED900D85D14 /* Blendate.app */;
			productType = "com.apple.product-type.application";
		};
/* End PBXNativeTarget section */

/* Begin PBXProject section */
		4C80599A27601ED900D85D14 /* Project object */ = {
			isa = PBXProject;
			attributes = {
				BuildIndependentTargetsInParallel = 1;
				LastSwiftUpdateCheck = 1310;
				LastUpgradeCheck = 1310;
				TargetAttributes = {
					4C8059A127601ED900D85D14 = {
						CreatedOnToolsVersion = 13.1;
					};
				};
			};
			buildConfigurationList = 4C80599D27601ED900D85D14 /* Build configuration list for PBXProject "Blendate" */;
			compatibilityVersion = "Xcode 13.0";
			developmentRegion = en;
			hasScannedForEncodings = 0;
			knownRegions = (
				en,
				Base,
			);
			mainGroup = 4C80599927601ED900D85D14;
			packageReferences = (
			);
			productRefGroup = 4C8059A327601ED900D85D14 /* Products */;
			projectDirPath = "";
			projectRoot = "";
			targets = (
				4C8059A127601ED900D85D14 /* Blendate */,
			);
		};
/* End PBXProject section */

/* Begin PBXResourcesBuildPhase section */
		4C8059A027601ED900D85D14 /* Resources */ = {
			isa = PBXResourcesBuildPhase;
			buildActionMask = 2147483647;
			files = (
				4C82C4D42763226C008F3E59 /* Montserrat-Regular.ttf in Resources */,
				4C82C4CD2763226C008F3E59 /* Montserrat-MediumItalic.ttf in Resources */,
				4C82C4D32763226C008F3E59 /* Montserrat-Black.ttf in Resources */,
				4C82C4CC2763226C008F3E59 /* Montserrat-Bold.ttf in Resources */,
				4C82C4D12763226C008F3E59 /* Montserrat-ExtraLightItalic.ttf in Resources */,
				4C82C4CF2763226C008F3E59 /* Montserrat-SemiBold.ttf in Resources */,
				4C82C4D52763226C008F3E59 /* Montserrat-Italic.ttf in Resources */,
				4C82C4C82763226C008F3E59 /* Montserrat-Light.ttf in Resources */,
				4C82C4D22763226C008F3E59 /* Montserrat-ExtraBold.ttf in Resources */,
				4C02579627F78FAB00844565 /* LaunchScreen.storyboard in Resources */,
				4C82C4CB2763226C008F3E59 /* Montserrat-Thin.ttf in Resources */,
				4C82C4C92763226C008F3E59 /* Montserrat-ThinItalic.ttf in Resources */,
				4C8059AD27601ED900D85D14 /* Preview Assets.xcassets in Resources */,
				4C8059AA27601ED900D85D14 /* Assets.xcassets in Resources */,
				4C82C4D02763226C008F3E59 /* LexendDeca-Regular.ttf in Resources */,
				4C82C4C62763226C008F3E59 /* Montserrat-Medium.ttf in Resources */,
				4C82C4CA2763226C008F3E59 /* Montserrat-ExtraLight.ttf in Resources */,
				4C82C4CE2763226C008F3E59 /* Montserrat-BlackItalic.ttf in Resources */,
				4C82C4C72763226C008F3E59 /* Montserrat-BoldItalic.ttf in Resources */,
				4C82C4D72763226C008F3E59 /* Montserrat-ExtraBoldItalic.ttf in Resources */,
				4C521A4E27BDA9AE00674C62 /* GoogleService-Info.plist in Resources */,
				4C82C4D62763226C008F3E59 /* Montserrat-SemiBoldItalic.ttf in Resources */,
				4C82C4C52763226C008F3E59 /* Montserrat-LightItalic.ttf in Resources */,
			);
			runOnlyForDeploymentPostprocessing = 0;
		};
/* End PBXResourcesBuildPhase section */

/* Begin PBXShellScriptBuildPhase section */
		83128B809C9FB51B0C1ADAEC /* [CP] Check Pods Manifest.lock */ = {
			isa = PBXShellScriptBuildPhase;
			buildActionMask = 2147483647;
			files = (
			);
			inputFileListPaths = (
			);
			inputPaths = (
				"${PODS_PODFILE_DIR_PATH}/Podfile.lock",
				"${PODS_ROOT}/Manifest.lock",
			);
			name = "[CP] Check Pods Manifest.lock";
			outputFileListPaths = (
			);
			outputPaths = (
				"$(DERIVED_FILE_DIR)/Pods-Blendate-checkManifestLockResult.txt",
			);
			runOnlyForDeploymentPostprocessing = 0;
			shellPath = /bin/sh;
			shellScript = "diff \"${PODS_PODFILE_DIR_PATH}/Podfile.lock\" \"${PODS_ROOT}/Manifest.lock\" > /dev/null\nif [ $? != 0 ] ; then\n    # print error to STDERR\n    echo \"error: The sandbox is not in sync with the Podfile.lock. Run 'pod install' or update your CocoaPods installation.\" >&2\n    exit 1\nfi\n# This output is used by Xcode 'outputs' to avoid re-running this script phase.\necho \"SUCCESS\" > \"${SCRIPT_OUTPUT_FILE_0}\"\n";
			showEnvVarsInLog = 0;
		};
		8D39EB16F320E9B27E208D3E /* [CP] Copy Pods Resources */ = {
			isa = PBXShellScriptBuildPhase;
			buildActionMask = 2147483647;
			files = (
			);
			inputFileListPaths = (
				"${PODS_ROOT}/Target Support Files/Pods-Blendate/Pods-Blendate-resources-${CONFIGURATION}-input-files.xcfilelist",
			);
			name = "[CP] Copy Pods Resources";
			outputFileListPaths = (
				"${PODS_ROOT}/Target Support Files/Pods-Blendate/Pods-Blendate-resources-${CONFIGURATION}-output-files.xcfilelist",
			);
			runOnlyForDeploymentPostprocessing = 0;
			shellPath = /bin/sh;
			shellScript = "\"${PODS_ROOT}/Target Support Files/Pods-Blendate/Pods-Blendate-resources.sh\"\n";
			showEnvVarsInLog = 0;
		};
		EE80856363E5D359E2D32AC0 /* [CP] Embed Pods Frameworks */ = {
			isa = PBXShellScriptBuildPhase;
			buildActionMask = 2147483647;
			files = (
			);
			inputFileListPaths = (
				"${PODS_ROOT}/Target Support Files/Pods-Blendate/Pods-Blendate-frameworks-${CONFIGURATION}-input-files.xcfilelist",
			);
			name = "[CP] Embed Pods Frameworks";
			outputFileListPaths = (
				"${PODS_ROOT}/Target Support Files/Pods-Blendate/Pods-Blendate-frameworks-${CONFIGURATION}-output-files.xcfilelist",
			);
			runOnlyForDeploymentPostprocessing = 0;
			shellPath = /bin/sh;
			shellScript = "\"${PODS_ROOT}/Target Support Files/Pods-Blendate/Pods-Blendate-frameworks.sh\"\n";
			showEnvVarsInLog = 0;
		};
/* End PBXShellScriptBuildPhase section */

/* Begin PBXSourcesBuildPhase section */
		4C80599E27601ED900D85D14 /* Sources */ = {
			isa = PBXSourcesBuildPhase;
			buildActionMask = 2147483647;
			files = (
				4C82C4E927633788008F3E59 /* ReligionView.swift in Sources */,
				4CCFAC15280364AE0063FCA6 /* SettingCellView.swift in Sources */,
				4CC1358D27F65E6F00719F48 /* ChatViewModel.swift in Sources */,
				4C8059D227602BD100D85D14 /* User.swift in Sources */,
				4C80024F27609E7E00F9410A /* EditDetailsView.swift in Sources */,
				4C78847B28189F4E00B643C2 /* Button.swift in Sources */,
				4C47045027F41B9A007517D9 /* SettingsView.swift in Sources */,
				4C8059D627603AF600D85D14 /* SessionView.swift in Sources */,
				4C98804627850DCA00749A2D /* BirthdayView.swift in Sources */,
				4C82C4E827633788008F3E59 /* RelationshipView.swift in Sources */,
				4C788473281890E600B643C2 /* Array.swift in Sources */,
				4C02579127F77ECA00844565 /* TabItem.swift in Sources */,
				4C805A5727604DB200D85D14 /* ParentView.swift in Sources */,
				4C16AD66279B518D00779502 /* PhotoViewModel.swift in Sources */,
				4CA917472795F3B70017DADB /* SigninOptions.swift in Sources */,
				4C82C4E427633788008F3E59 /* WantKidsView.swift in Sources */,
				4C91822728174B2A00D5CF62 /* Properties.swift in Sources */,
				4C82C4EB27633788008F3E59 /* WorkView.swift in Sources */,
				4CCFAC1728036D040063FCA6 /* DetailCellView.swift in Sources */,
				4C7C21FD27E8FDAA00997B17 /* OptionGridView.swift in Sources */,
				4C82C4E527633788008F3E59 /* PoliticsView.swift in Sources */,
				4C805A8127605F2C00D85D14 /* PhotoView.swift in Sources */,
				4C210AAF27B84F5000EE379E /* FirebaseService.swift in Sources */,
				4C8002662762B6E700F9410A /* ChatView.swift in Sources */,
				4C10728627F5099E004E525E /* ProfileButtons.swift in Sources */,
				4C805A5527604D6000D85D14 /* GenderView.swift in Sources */,
				4C3547552804CE0C00B0888A /* ChatTextField.swift in Sources */,
				4C805A672760569300D85D14 /* MorePreferencesView.swift in Sources */,
				4C02578927F7766400844565 /* SessionViewModel.swift in Sources */,
				4C805A7027605D3F00D85D14 /* ProfileCardView.swift in Sources */,
				4CB4E45B27F8F38300E775D1 /* Icebreakers.swift in Sources */,
				4C10728427F504DB004E525E /* MatchProfileView.swift in Sources */,
				4C8059E627603ECA00D85D14 /* Modifiers.swift in Sources */,
				4CC57ED82802C08C00C6683C /* MembershipView.swift in Sources */,
				4C7884752818910E00B643C2 /* SeperatorView.swift in Sources */,
				4C210AA927B6F00500EE379E /* ConversationsView.swift in Sources */,
				4C8002642762B5E200F9410A /* Conversation.swift in Sources */,
				4CD3FF8E27838920004D2E5A /* EntryView.swift in Sources */,
				4CC2F9512817922100A1D105 /* EmptyLineupView.swift in Sources */,
				4C805A6E27605BFE00D85D14 /* ProfileView.swift in Sources */,
				4C0E9480278BF11F00740252 /* UserDetails.swift in Sources */,
				4C805A832760626900D85D14 /* InterestsView.swift in Sources */,
				4C91823728177C0300D5CF62 /* MatchService.swift in Sources */,
				4C3547532804CDEE00B0888A /* ChatBubbleView.swift in Sources */,
				4C210AA727B6EFF500EE379E /* MatchesView.swift in Sources */,
				4C805A4E2760437E00D85D14 /* Colors.swift in Sources */,
				4C80025727609E9800F9410A /* FiltersView.swift in Sources */,
				4C82C4EA27633788008F3E59 /* VicesView.swift in Sources */,
				4C9182292817626F00D5CF62 /* AgeRangeView.swift in Sources */,
				4C0E948B278CE32A00740252 /* LocalService.swift in Sources */,
				4C9212E427B4E4B600EF40F4 /* PhotosGridView.swift in Sources */,
				4C91823228176FEA00D5CF62 /* LocalFileManager.swift in Sources */,
				4C9306A327960A99000ABD89 /* AppDelegate.swift in Sources */,
				4C9842B72800029B00709597 /* SignupViewMod.swift in Sources */,
				4C80025F2762A00900F9410A /* HeightView.swift in Sources */,
				4C16AD60279A97AE00779502 /* MyDefaults.swift in Sources */,
				4CDC57E627F3B51E009EC83B /* SessionTabsView.swift in Sources */,
				4C47045427F432D9007517D9 /* RangeSliderView.swift in Sources */,
				4C7C21F927E8F90100997B17 /* DeveloperPrview+Users.swift in Sources */,
				4C8059E227603C3200D85D14 /* WelcomeView.swift in Sources */,
				4C82C4E727633788008F3E59 /* EthnicityView.swift in Sources */,
				4C521A5027BDD3F200674C62 /* TagCloudView.swift in Sources */,
				4C16AD5A279A92E400779502 /* UserSettings.swift in Sources */,
				4C805A5D27604ED300D85D14 /* LocationView.swift in Sources */,
				4C91822E28176CB100D5CF62 /* InterestsGridView.swift in Sources */,
				4C8059DC27603B5000D85D14 /* TodayView.swift in Sources */,
				4C0ADCE327E7C8980054EDE5 /* EmailSigninView.swift in Sources */,
				4C82C4E627633788008F3E59 /* MobilityView.swift in Sources */,
				4C788477281895AD00B643C2 /* CapsuleButton.swift in Sources */,
				4C7C21F527E8EDAB00997B17 /* AppDelegate+Notifications.swift in Sources */,
				4C82C4EC27633788008F3E59 /* EducationView.swift in Sources */,
				4CC1358B27F64B4300719F48 /* MessagesViewModel.swift in Sources */,
				4C805A5B27604ECE00D85D14 /* KidsrangeView.swift in Sources */,
				4C78847D2818A03000B643C2 /* Image.swift in Sources */,
				4CB9A0F327B44E28008EC500 /* ImagePicker.swift in Sources */,
				4C805A632760562B00D85D14 /* AboutView.swift in Sources */,
				4C918235281776A300D5CF62 /* ProfileView+Views.swift in Sources */,
				4C91822228172D4700D5CF62 /* DevPreview.swift in Sources */,
				4C02578527F774FA00844565 /* LoadingView.swift in Sources */,
				4C805A472760420D00D85D14 /* SignupView.swift in Sources */,
				4C805A442760420D00D85D14 /* NameView.swift in Sources */,
				4C8059A627601ED900D85D14 /* BlendateApp.swift in Sources */,
				4CC1358927F649D100719F48 /* MatchViewModel.swift in Sources */,
				4C805A7B27605DAA00D85D14 /* InfoCard.swift in Sources */,
				4C16AD5C279A92F900779502 /* Filters.swift in Sources */,
				4C16AD502799EFE400779502 /* MatchedView.swift in Sources */,
				4C788479281895F900B643C2 /* ToolBarItem.swift in Sources */,
				4C805A5927604EC600D85D14 /* NumberKidsView.swift in Sources */,
				4C210AAD27B84AE100EE379E /* UserService.swift in Sources */,
				4C805A662760569300D85D14 /* AddPhotosView.swift in Sources */,
				4C9842B527FFEA4300709597 /* SheetState.swift in Sources */,
				4C91823028176D9C00D5CF62 /* Error.swift in Sources */,
				4C78847128188CA500B643C2 /* AsyncButton.swift in Sources */,
				4C80025927609E9800F9410A /* HelpCenterView.swift in Sources */,
				4C02579427F7819200844565 /* Detail.swift in Sources */,
				4C8002622762B48700F9410A /* MessagesView.swift in Sources */,
			);
			runOnlyForDeploymentPostprocessing = 0;
		};
/* End PBXSourcesBuildPhase section */

/* Begin XCBuildConfiguration section */
		4C8059C427601EDA00D85D14 /* Debug */ = {
			isa = XCBuildConfiguration;
			buildSettings = {
				ALWAYS_SEARCH_USER_PATHS = NO;
				CLANG_ANALYZER_NONNULL = YES;
				CLANG_ANALYZER_NUMBER_OBJECT_CONVERSION = YES_AGGRESSIVE;
				CLANG_CXX_LANGUAGE_STANDARD = "gnu++17";
				CLANG_CXX_LIBRARY = "libc++";
				CLANG_ENABLE_MODULES = YES;
				CLANG_ENABLE_OBJC_ARC = YES;
				CLANG_ENABLE_OBJC_WEAK = YES;
				CLANG_WARN_BLOCK_CAPTURE_AUTORELEASING = YES;
				CLANG_WARN_BOOL_CONVERSION = YES;
				CLANG_WARN_COMMA = YES;
				CLANG_WARN_CONSTANT_CONVERSION = YES;
				CLANG_WARN_DEPRECATED_OBJC_IMPLEMENTATIONS = YES;
				CLANG_WARN_DIRECT_OBJC_ISA_USAGE = YES_ERROR;
				CLANG_WARN_DOCUMENTATION_COMMENTS = YES;
				CLANG_WARN_EMPTY_BODY = YES;
				CLANG_WARN_ENUM_CONVERSION = YES;
				CLANG_WARN_INFINITE_RECURSION = YES;
				CLANG_WARN_INT_CONVERSION = YES;
				CLANG_WARN_NON_LITERAL_NULL_CONVERSION = YES;
				CLANG_WARN_OBJC_IMPLICIT_RETAIN_SELF = YES;
				CLANG_WARN_OBJC_LITERAL_CONVERSION = YES;
				CLANG_WARN_OBJC_ROOT_CLASS = YES_ERROR;
				CLANG_WARN_QUOTED_INCLUDE_IN_FRAMEWORK_HEADER = YES;
				CLANG_WARN_RANGE_LOOP_ANALYSIS = YES;
				CLANG_WARN_STRICT_PROTOTYPES = YES;
				CLANG_WARN_SUSPICIOUS_MOVE = YES;
				CLANG_WARN_UNGUARDED_AVAILABILITY = YES_AGGRESSIVE;
				CLANG_WARN_UNREACHABLE_CODE = YES;
				CLANG_WARN__DUPLICATE_METHOD_MATCH = YES;
				COPY_PHASE_STRIP = NO;
				DEBUG_INFORMATION_FORMAT = dwarf;
				ENABLE_STRICT_OBJC_MSGSEND = YES;
				ENABLE_TESTABILITY = YES;
				GCC_C_LANGUAGE_STANDARD = gnu11;
				GCC_DYNAMIC_NO_PIC = NO;
				GCC_NO_COMMON_BLOCKS = YES;
				GCC_OPTIMIZATION_LEVEL = 0;
				GCC_PREPROCESSOR_DEFINITIONS = (
					"DEBUG=1",
					"$(inherited)",
				);
				GCC_WARN_64_TO_32_BIT_CONVERSION = YES;
				GCC_WARN_ABOUT_RETURN_TYPE = YES_ERROR;
				GCC_WARN_UNDECLARED_SELECTOR = YES;
				GCC_WARN_UNINITIALIZED_AUTOS = YES_AGGRESSIVE;
				GCC_WARN_UNUSED_FUNCTION = YES;
				GCC_WARN_UNUSED_VARIABLE = YES;
				IPHONEOS_DEPLOYMENT_TARGET = 15.0;
				MTL_ENABLE_DEBUG_INFO = INCLUDE_SOURCE;
				MTL_FAST_MATH = YES;
				ONLY_ACTIVE_ARCH = YES;
				SDKROOT = iphoneos;
				SWIFT_ACTIVE_COMPILATION_CONDITIONS = DEBUG;
				SWIFT_OPTIMIZATION_LEVEL = "-Onone";
			};
			name = Debug;
		};
		4C8059C527601EDA00D85D14 /* Release */ = {
			isa = XCBuildConfiguration;
			buildSettings = {
				ALWAYS_SEARCH_USER_PATHS = NO;
				CLANG_ANALYZER_NONNULL = YES;
				CLANG_ANALYZER_NUMBER_OBJECT_CONVERSION = YES_AGGRESSIVE;
				CLANG_CXX_LANGUAGE_STANDARD = "gnu++17";
				CLANG_CXX_LIBRARY = "libc++";
				CLANG_ENABLE_MODULES = YES;
				CLANG_ENABLE_OBJC_ARC = YES;
				CLANG_ENABLE_OBJC_WEAK = YES;
				CLANG_WARN_BLOCK_CAPTURE_AUTORELEASING = YES;
				CLANG_WARN_BOOL_CONVERSION = YES;
				CLANG_WARN_COMMA = YES;
				CLANG_WARN_CONSTANT_CONVERSION = YES;
				CLANG_WARN_DEPRECATED_OBJC_IMPLEMENTATIONS = YES;
				CLANG_WARN_DIRECT_OBJC_ISA_USAGE = YES_ERROR;
				CLANG_WARN_DOCUMENTATION_COMMENTS = YES;
				CLANG_WARN_EMPTY_BODY = YES;
				CLANG_WARN_ENUM_CONVERSION = YES;
				CLANG_WARN_INFINITE_RECURSION = YES;
				CLANG_WARN_INT_CONVERSION = YES;
				CLANG_WARN_NON_LITERAL_NULL_CONVERSION = YES;
				CLANG_WARN_OBJC_IMPLICIT_RETAIN_SELF = YES;
				CLANG_WARN_OBJC_LITERAL_CONVERSION = YES;
				CLANG_WARN_OBJC_ROOT_CLASS = YES_ERROR;
				CLANG_WARN_QUOTED_INCLUDE_IN_FRAMEWORK_HEADER = YES;
				CLANG_WARN_RANGE_LOOP_ANALYSIS = YES;
				CLANG_WARN_STRICT_PROTOTYPES = YES;
				CLANG_WARN_SUSPICIOUS_MOVE = YES;
				CLANG_WARN_UNGUARDED_AVAILABILITY = YES_AGGRESSIVE;
				CLANG_WARN_UNREACHABLE_CODE = YES;
				CLANG_WARN__DUPLICATE_METHOD_MATCH = YES;
				COPY_PHASE_STRIP = NO;
				DEBUG_INFORMATION_FORMAT = "dwarf-with-dsym";
				ENABLE_NS_ASSERTIONS = NO;
				ENABLE_STRICT_OBJC_MSGSEND = YES;
				GCC_C_LANGUAGE_STANDARD = gnu11;
				GCC_NO_COMMON_BLOCKS = YES;
				GCC_WARN_64_TO_32_BIT_CONVERSION = YES;
				GCC_WARN_ABOUT_RETURN_TYPE = YES_ERROR;
				GCC_WARN_UNDECLARED_SELECTOR = YES;
				GCC_WARN_UNINITIALIZED_AUTOS = YES_AGGRESSIVE;
				GCC_WARN_UNUSED_FUNCTION = YES;
				GCC_WARN_UNUSED_VARIABLE = YES;
				IPHONEOS_DEPLOYMENT_TARGET = 15.0;
				MTL_ENABLE_DEBUG_INFO = NO;
				MTL_FAST_MATH = YES;
				SDKROOT = iphoneos;
				SWIFT_COMPILATION_MODE = wholemodule;
				SWIFT_OPTIMIZATION_LEVEL = "-O";
				VALIDATE_PRODUCT = YES;
			};
			name = Release;
		};
		4C8059C727601EDA00D85D14 /* Debug */ = {
			isa = XCBuildConfiguration;
			baseConfigurationReference = CC06A020DA26D1351673F6FC /* Pods-Blendate.debug.xcconfig */;
			buildSettings = {
				ASSETCATALOG_COMPILER_APPICON_NAME = AppIcon;
				ASSETCATALOG_COMPILER_GLOBAL_ACCENT_COLOR_NAME = AccentColor;
				CODE_SIGN_ENTITLEMENTS = Blendate/Blendate.entitlements;
				CODE_SIGN_IDENTITY = "Apple Development";
				CODE_SIGN_STYLE = Automatic;
				CURRENT_PROJECT_VERSION = 23;
				DEVELOPMENT_ASSET_PATHS = "\"Blendate/Preview Content\"";
				DEVELOPMENT_TEAM = QLFXX64RR2;
				ENABLE_PREVIEWS = YES;
				GENERATE_INFOPLIST_FILE = YES;
				INFOPLIST_FILE = Blendate/Info.plist;
				INFOPLIST_KEY_UIApplicationSceneManifest_Generation = YES;
				INFOPLIST_KEY_UIApplicationSupportsIndirectInputEvents = YES;
				INFOPLIST_KEY_UILaunchStoryboardName = LaunchScreen;
				INFOPLIST_KEY_UISupportedInterfaceOrientations_iPad = "UIInterfaceOrientationPortrait UIInterfaceOrientationPortraitUpsideDown UIInterfaceOrientationLandscapeLeft UIInterfaceOrientationLandscapeRight";
				INFOPLIST_KEY_UISupportedInterfaceOrientations_iPhone = "UIInterfaceOrientationPortrait UIInterfaceOrientationLandscapeLeft UIInterfaceOrientationLandscapeRight";
				LD_RUNPATH_SEARCH_PATHS = (
					"$(inherited)",
					"@executable_path/Frameworks",
				);
				MARKETING_VERSION = 1.0;
				PRODUCT_BUNDLE_IDENTIFIER = com.blendate.blendate;
				PRODUCT_NAME = "$(TARGET_NAME)";
				PROVISIONING_PROFILE_SPECIFIER = "";
				SWIFT_EMIT_LOC_STRINGS = YES;
				SWIFT_VERSION = 5.0;
				TARGETED_DEVICE_FAMILY = 1;
			};
			name = Debug;
		};
		4C8059C827601EDA00D85D14 /* Release */ = {
			isa = XCBuildConfiguration;
			baseConfigurationReference = E2EC0A5CC2A1CE3B08670241 /* Pods-Blendate.release.xcconfig */;
			buildSettings = {
				ASSETCATALOG_COMPILER_APPICON_NAME = AppIcon;
				ASSETCATALOG_COMPILER_GLOBAL_ACCENT_COLOR_NAME = AccentColor;
				CODE_SIGN_ENTITLEMENTS = Blendate/Blendate.entitlements;
				CODE_SIGN_IDENTITY = "Apple Development";
				CODE_SIGN_STYLE = Automatic;
				CURRENT_PROJECT_VERSION = 23;
				DEVELOPMENT_ASSET_PATHS = "\"Blendate/Preview Content\"";
				DEVELOPMENT_TEAM = QLFXX64RR2;
				ENABLE_PREVIEWS = YES;
				GENERATE_INFOPLIST_FILE = YES;
				INFOPLIST_FILE = Blendate/Info.plist;
				INFOPLIST_KEY_UIApplicationSceneManifest_Generation = YES;
				INFOPLIST_KEY_UIApplicationSupportsIndirectInputEvents = YES;
				INFOPLIST_KEY_UILaunchStoryboardName = LaunchScreen;
				INFOPLIST_KEY_UISupportedInterfaceOrientations_iPad = "UIInterfaceOrientationPortrait UIInterfaceOrientationPortraitUpsideDown UIInterfaceOrientationLandscapeLeft UIInterfaceOrientationLandscapeRight";
				INFOPLIST_KEY_UISupportedInterfaceOrientations_iPhone = "UIInterfaceOrientationPortrait UIInterfaceOrientationLandscapeLeft UIInterfaceOrientationLandscapeRight";
				LD_RUNPATH_SEARCH_PATHS = (
					"$(inherited)",
					"@executable_path/Frameworks",
				);
				MARKETING_VERSION = 1.0;
				PRODUCT_BUNDLE_IDENTIFIER = com.blendate.blendate;
				PRODUCT_NAME = "$(TARGET_NAME)";
				PROVISIONING_PROFILE_SPECIFIER = "";
				SWIFT_EMIT_LOC_STRINGS = YES;
				SWIFT_VERSION = 5.0;
				TARGETED_DEVICE_FAMILY = 1;
			};
			name = Release;
		};
/* End XCBuildConfiguration section */

/* Begin XCConfigurationList section */
		4C80599D27601ED900D85D14 /* Build configuration list for PBXProject "Blendate" */ = {
			isa = XCConfigurationList;
			buildConfigurations = (
				4C8059C427601EDA00D85D14 /* Debug */,
				4C8059C527601EDA00D85D14 /* Release */,
			);
			defaultConfigurationIsVisible = 0;
			defaultConfigurationName = Release;
		};
		4C8059C627601EDA00D85D14 /* Build configuration list for PBXNativeTarget "Blendate" */ = {
			isa = XCConfigurationList;
			buildConfigurations = (
				4C8059C727601EDA00D85D14 /* Debug */,
				4C8059C827601EDA00D85D14 /* Release */,
			);
			defaultConfigurationIsVisible = 0;
			defaultConfigurationName = Release;
		};
/* End XCConfigurationList section */
	};
	rootObject = 4C80599A27601ED900D85D14 /* Project object */;
}
